// !$*UTF8*$!
{
	archiveVersion = 1;
	classes = {
	};
	objectVersion = 50;
	objects = {

/* Begin PBXBuildFile section */
		2D14E168672B7F54AE7ABA60 /* libPods-liveroom.a in Frameworks */ = {isa = PBXBuildFile; fileRef = 789E70471AB662ABBFC025F0 /* libPods-liveroom.a */; };
		901A54DA2254CA9700F00186 /* LRVoiceRoomViewController.m in Sources */ = {isa = PBXBuildFile; fileRef = 901A54D92254CA9700F00186 /* LRVoiceRoomViewController.m */; };
		901A54DD2254D14000F00186 /* LRVoiceRoomHeader.m in Sources */ = {isa = PBXBuildFile; fileRef = 901A54DC2254D14000F00186 /* LRVoiceRoomHeader.m */; };
		901A54E62254D9FD00F00186 /* share@2x.png in Resources */ = {isa = PBXBuildFile; fileRef = 901A54DE2254D9FC00F00186 /* share@2x.png */; };
		901A54E72254D9FD00F00186 /* settings@2x.png in Resources */ = {isa = PBXBuildFile; fileRef = 901A54DF2254D9FC00F00186 /* settings@2x.png */; };
		901A54E82254D9FD00F00186 /* musicList@2x.png in Resources */ = {isa = PBXBuildFile; fileRef = 901A54E02254D9FC00F00186 /* musicList@2x.png */; };
		901A54E92254D9FD00F00186 /* settings@3x.png in Resources */ = {isa = PBXBuildFile; fileRef = 901A54E12254D9FC00F00186 /* settings@3x.png */; };
		901A54EA2254D9FD00F00186 /* userList@3x.png in Resources */ = {isa = PBXBuildFile; fileRef = 901A54E22254D9FC00F00186 /* userList@3x.png */; };
		901A54EB2254D9FD00F00186 /* musicList@3x.png in Resources */ = {isa = PBXBuildFile; fileRef = 901A54E32254D9FC00F00186 /* musicList@3x.png */; };
		901A54EC2254D9FD00F00186 /* share@3x.png in Resources */ = {isa = PBXBuildFile; fileRef = 901A54E42254D9FC00F00186 /* share@3x.png */; };
		901A54ED2254D9FD00F00186 /* userList@2x.png in Resources */ = {isa = PBXBuildFile; fileRef = 901A54E52254D9FD00F00186 /* userList@2x.png */; };
		901A54F02254DABC00F00186 /* close@3x.png in Resources */ = {isa = PBXBuildFile; fileRef = 901A54EE2254DABC00F00186 /* close@3x.png */; };
		901A54F12254DABC00F00186 /* close@2x.png in Resources */ = {isa = PBXBuildFile; fileRef = 901A54EF2254DABC00F00186 /* close@2x.png */; };
		90F2C6732254C02A00A712B8 /* Main.storyboard in Resources */ = {isa = PBXBuildFile; fileRef = 90F2C6712254C02A00A712B8 /* Main.storyboard */; };
		90F2C6752254C02B00A712B8 /* Assets.xcassets in Resources */ = {isa = PBXBuildFile; fileRef = 90F2C6742254C02B00A712B8 /* Assets.xcassets */; };
		90F2C6782254C02B00A712B8 /* LaunchScreen.storyboard in Resources */ = {isa = PBXBuildFile; fileRef = 90F2C6762254C02B00A712B8 /* LaunchScreen.storyboard */; };
		90F2C67B2254C02B00A712B8 /* main.m in Sources */ = {isa = PBXBuildFile; fileRef = 90F2C67A2254C02B00A712B8 /* main.m */; };
		90F2C6D12254C08600A712B8 /* LRMainViewController.m in Sources */ = {isa = PBXBuildFile; fileRef = 90F2C6852254C08600A712B8 /* LRMainViewController.m */; };
		90F2C6D42254C08600A712B8 /* UIView+LRCategory.m in Sources */ = {isa = PBXBuildFile; fileRef = 90F2C6922254C08600A712B8 /* UIView+LRCategory.m */; };
		90F2C6D52254C08600A712B8 /* LRLogManager.m in Sources */ = {isa = PBXBuildFile; fileRef = 90F2C6952254C08600A712B8 /* LRLogManager.m */; };
		90F2C6D62254C08600A712B8 /* LRChatRoomListModel.m in Sources */ = {isa = PBXBuildFile; fileRef = 90F2C69A2254C08600A712B8 /* LRChatRoomListModel.m */; };
		90F2C6D72254C08600A712B8 /* LRJoinVoiceChatRoomView.m in Sources */ = {isa = PBXBuildFile; fileRef = 90F2C69F2254C08600A712B8 /* LRJoinVoiceChatRoomView.m */; };
		90F2C6D82254C08600A712B8 /* LRVoiceChatRoomListCell.m in Sources */ = {isa = PBXBuildFile; fileRef = 90F2C6A12254C08600A712B8 /* LRVoiceChatRoomListCell.m */; };
		90F2C6D92254C08600A712B8 /* LRVoiceChatRoomListViewController.m in Sources */ = {isa = PBXBuildFile; fileRef = 90F2C6A22254C08600A712B8 /* LRVoiceChatRoomListViewController.m */; };
		90F2C6DA2254C08600A712B8 /* LRCreateVoiceChatRoomViewController.xib in Resources */ = {isa = PBXBuildFile; fileRef = 90F2C6A52254C08600A712B8 /* LRCreateVoiceChatRoomViewController.xib */; };
		90F2C6DB2254C08600A712B8 /* LRCreateVoiceChatRoomViewController.m in Sources */ = {isa = PBXBuildFile; fileRef = 90F2C6A72254C08600A712B8 /* LRCreateVoiceChatRoomViewController.m */; };
		90F2C6DC2254C08600A712B8 /* AppDelegate.m in Sources */ = {isa = PBXBuildFile; fileRef = 90F2C6A82254C08600A712B8 /* AppDelegate.m */; };
		90F2C6DD2254C08600A712B8 /* LRLoginViewController.xib in Resources */ = {isa = PBXBuildFile; fileRef = 90F2C6AA2254C08600A712B8 /* LRLoginViewController.xib */; };
		90F2C6DE2254C08600A712B8 /* LRLoginViewController.m in Sources */ = {isa = PBXBuildFile; fileRef = 90F2C6AB2254C08600A712B8 /* LRLoginViewController.m */; };
		90F2C6E12254C08600A712B8 /* LRSettingViewController.m in Sources */ = {isa = PBXBuildFile; fileRef = 90F2C6B22254C08600A712B8 /* LRSettingViewController.m */; };
		90F2C6E22254C08600A712B8 /* LRSettingViewController.xib in Resources */ = {isa = PBXBuildFile; fileRef = 90F2C6B32254C08600A712B8 /* LRSettingViewController.xib */; };
		90F2C6E32254C08600A712B8 /* correct@3x.png in Resources */ = {isa = PBXBuildFile; fileRef = 90F2C6B82254C08600A712B8 /* correct@3x.png */; };
		90F2C6E42254C08600A712B8 /* correct@2x.png in Resources */ = {isa = PBXBuildFile; fileRef = 90F2C6B92254C08600A712B8 /* correct@2x.png */; };
		90F2C6E52254C08600A712B8 /* warning@2x.png in Resources */ = {isa = PBXBuildFile; fileRef = 90F2C6BA2254C08600A712B8 /* warning@2x.png */; };
		90F2C6E62254C08600A712B8 /* warning@3x.png in Resources */ = {isa = PBXBuildFile; fileRef = 90F2C6BB2254C08600A712B8 /* warning@3x.png */; };
		90F2C6E72254C08600A712B8 /* LRAlertController.m in Sources */ = {isa = PBXBuildFile; fileRef = 90F2C6BC2254C08600A712B8 /* LRAlertController.m */; };
		90F2C6E82254C08600A712B8 /* LRAlertController.xib in Resources */ = {isa = PBXBuildFile; fileRef = 90F2C6BD2254C08600A712B8 /* LRAlertController.xib */; };
		90F2C6E92254C08600A712B8 /* close@3x.png in Resources */ = {isa = PBXBuildFile; fileRef = 90F2C6BE2254C08600A712B8 /* close@3x.png */; };
		90F2C6EA2254C08600A712B8 /* close@2x.png in Resources */ = {isa = PBXBuildFile; fileRef = 90F2C6BF2254C08600A712B8 /* close@2x.png */; };
		90F2C6EB2254C08600A712B8 /* LRRefreshTableViewController.m in Sources */ = {isa = PBXBuildFile; fileRef = 90F2C6C32254C08600A712B8 /* LRRefreshTableViewController.m */; };
		90F2C6EC2254C08600A712B8 /* LRRefreshViewController.m in Sources */ = {isa = PBXBuildFile; fileRef = 90F2C6C42254C08600A712B8 /* LRRefreshViewController.m */; };
		90F2C6ED2254C08600A712B8 /* UIViewController+Search.m in Sources */ = {isa = PBXBuildFile; fileRef = 90F2C6C82254C08600A712B8 /* UIViewController+Search.m */; };
		90F2C6EE2254C08600A712B8 /* LRSearchBar.m in Sources */ = {isa = PBXBuildFile; fileRef = 90F2C6C92254C08600A712B8 /* LRSearchBar.m */; };
		90F2C6EF2254C08600A712B8 /* LRSearchViewController.m in Sources */ = {isa = PBXBuildFile; fileRef = 90F2C6CE2254C08600A712B8 /* LRSearchViewController.m */; };
		90F2C6F02254C08600A712B8 /* LRSearchResultController.m in Sources */ = {isa = PBXBuildFile; fileRef = 90F2C6CF2254C08600A712B8 /* LRSearchResultController.m */; };
		90F2C6F12254C08600A712B8 /* LRRealtimeSearch.m in Sources */ = {isa = PBXBuildFile; fileRef = 90F2C6D02254C08600A712B8 /* LRRealtimeSearch.m */; };
		90F2C6F42254C09400A712B8 /* add@2x.png in Resources */ = {isa = PBXBuildFile; fileRef = 90F2C6F32254C09400A712B8 /* add@2x.png */; };
/* End PBXBuildFile section */

/* Begin PBXFileReference section */
		2BA6ADC8633F347AD7C7963A /* Pods-liveroom.debug.xcconfig */ = {isa = PBXFileReference; includeInIndex = 1; lastKnownFileType = text.xcconfig; name = "Pods-liveroom.debug.xcconfig"; path = "Pods/Target Support Files/Pods-liveroom/Pods-liveroom.debug.xcconfig"; sourceTree = "<group>"; };
		789E70471AB662ABBFC025F0 /* libPods-liveroom.a */ = {isa = PBXFileReference; explicitFileType = archive.ar; includeInIndex = 0; path = "libPods-liveroom.a"; sourceTree = BUILT_PRODUCTS_DIR; };
		901A54D82254CA9700F00186 /* LRVoiceRoomViewController.h */ = {isa = PBXFileReference; lastKnownFileType = sourcecode.c.h; path = LRVoiceRoomViewController.h; sourceTree = "<group>"; };
		901A54D92254CA9700F00186 /* LRVoiceRoomViewController.m */ = {isa = PBXFileReference; lastKnownFileType = sourcecode.c.objc; path = LRVoiceRoomViewController.m; sourceTree = "<group>"; };
		901A54DB2254D14000F00186 /* LRVoiceRoomHeader.h */ = {isa = PBXFileReference; lastKnownFileType = sourcecode.c.h; path = LRVoiceRoomHeader.h; sourceTree = "<group>"; };
		901A54DC2254D14000F00186 /* LRVoiceRoomHeader.m */ = {isa = PBXFileReference; lastKnownFileType = sourcecode.c.objc; path = LRVoiceRoomHeader.m; sourceTree = "<group>"; };
		901A54DE2254D9FC00F00186 /* share@2x.png */ = {isa = PBXFileReference; lastKnownFileType = image.png; path = "share@2x.png"; sourceTree = "<group>"; };
		901A54DF2254D9FC00F00186 /* settings@2x.png */ = {isa = PBXFileReference; lastKnownFileType = image.png; path = "settings@2x.png"; sourceTree = "<group>"; };
		901A54E02254D9FC00F00186 /* musicList@2x.png */ = {isa = PBXFileReference; lastKnownFileType = image.png; path = "musicList@2x.png"; sourceTree = "<group>"; };
		901A54E12254D9FC00F00186 /* settings@3x.png */ = {isa = PBXFileReference; lastKnownFileType = image.png; path = "settings@3x.png"; sourceTree = "<group>"; };
		901A54E22254D9FC00F00186 /* userList@3x.png */ = {isa = PBXFileReference; lastKnownFileType = image.png; path = "userList@3x.png"; sourceTree = "<group>"; };
		901A54E32254D9FC00F00186 /* musicList@3x.png */ = {isa = PBXFileReference; lastKnownFileType = image.png; path = "musicList@3x.png"; sourceTree = "<group>"; };
		901A54E42254D9FC00F00186 /* share@3x.png */ = {isa = PBXFileReference; lastKnownFileType = image.png; path = "share@3x.png"; sourceTree = "<group>"; };
		901A54E52254D9FD00F00186 /* userList@2x.png */ = {isa = PBXFileReference; lastKnownFileType = image.png; path = "userList@2x.png"; sourceTree = "<group>"; };
		901A54EE2254DABC00F00186 /* close@3x.png */ = {isa = PBXFileReference; lastKnownFileType = image.png; path = "close@3x.png"; sourceTree = "<group>"; };
		901A54EF2254DABC00F00186 /* close@2x.png */ = {isa = PBXFileReference; lastKnownFileType = image.png; path = "close@2x.png"; sourceTree = "<group>"; };
		90F2C6682254C02A00A712B8 /* liveroom.app */ = {isa = PBXFileReference; explicitFileType = wrapper.application; includeInIndex = 0; path = liveroom.app; sourceTree = BUILT_PRODUCTS_DIR; };
		90F2C6722254C02A00A712B8 /* Base */ = {isa = PBXFileReference; lastKnownFileType = file.storyboard; name = Base; path = Base.lproj/Main.storyboard; sourceTree = "<group>"; };
		90F2C6742254C02B00A712B8 /* Assets.xcassets */ = {isa = PBXFileReference; lastKnownFileType = folder.assetcatalog; path = Assets.xcassets; sourceTree = "<group>"; };
		90F2C6772254C02B00A712B8 /* Base */ = {isa = PBXFileReference; lastKnownFileType = file.storyboard; name = Base; path = Base.lproj/LaunchScreen.storyboard; sourceTree = "<group>"; };
		90F2C6792254C02B00A712B8 /* Info.plist */ = {isa = PBXFileReference; lastKnownFileType = text.plist.xml; path = Info.plist; sourceTree = "<group>"; };
		90F2C67A2254C02B00A712B8 /* main.m */ = {isa = PBXFileReference; lastKnownFileType = sourcecode.c.objc; path = main.m; sourceTree = "<group>"; };
		90F2C6822254C08600A712B8 /* LRNotifiersDefine.h */ = {isa = PBXFileReference; fileEncoding = 4; lastKnownFileType = sourcecode.c.h; path = LRNotifiersDefine.h; sourceTree = "<group>"; };
		90F2C6842254C08600A712B8 /* LRMainViewController.h */ = {isa = PBXFileReference; fileEncoding = 4; lastKnownFileType = sourcecode.c.h; path = LRMainViewController.h; sourceTree = "<group>"; };
		90F2C6852254C08600A712B8 /* LRMainViewController.m */ = {isa = PBXFileReference; fileEncoding = 4; lastKnownFileType = sourcecode.c.objc; path = LRMainViewController.m; sourceTree = "<group>"; };
		90F2C68E2254C08600A712B8 /* TCDefine.h */ = {isa = PBXFileReference; fileEncoding = 4; lastKnownFileType = sourcecode.c.h; path = TCDefine.h; sourceTree = "<group>"; };
		90F2C68F2254C08600A712B8 /* AppDelegate.h */ = {isa = PBXFileReference; fileEncoding = 4; lastKnownFileType = sourcecode.c.h; path = AppDelegate.h; sourceTree = "<group>"; };
		90F2C6912254C08600A712B8 /* UIView+LRCategory.h */ = {isa = PBXFileReference; fileEncoding = 4; lastKnownFileType = sourcecode.c.h; path = "UIView+LRCategory.h"; sourceTree = "<group>"; };
		90F2C6922254C08600A712B8 /* UIView+LRCategory.m */ = {isa = PBXFileReference; fileEncoding = 4; lastKnownFileType = sourcecode.c.objc; path = "UIView+LRCategory.m"; sourceTree = "<group>"; };
		90F2C6952254C08600A712B8 /* LRLogManager.m */ = {isa = PBXFileReference; fileEncoding = 4; lastKnownFileType = sourcecode.c.objc; path = LRLogManager.m; sourceTree = "<group>"; };
		90F2C6962254C08600A712B8 /* LRLogManager.h */ = {isa = PBXFileReference; fileEncoding = 4; lastKnownFileType = sourcecode.c.h; path = LRLogManager.h; sourceTree = "<group>"; };
		90F2C6982254C08600A712B8 /* LRVoiceChatRoomListViewController.h */ = {isa = PBXFileReference; fileEncoding = 4; lastKnownFileType = sourcecode.c.h; path = LRVoiceChatRoomListViewController.h; sourceTree = "<group>"; };
		90F2C69A2254C08600A712B8 /* LRChatRoomListModel.m */ = {isa = PBXFileReference; fileEncoding = 4; lastKnownFileType = sourcecode.c.objc; path = LRChatRoomListModel.m; sourceTree = "<group>"; };
		90F2C69B2254C08600A712B8 /* LRChatRoomListModel.h */ = {isa = PBXFileReference; fileEncoding = 4; lastKnownFileType = sourcecode.c.h; path = LRChatRoomListModel.h; sourceTree = "<group>"; };
		90F2C69D2254C08600A712B8 /* LRVoiceChatRoomListCell.h */ = {isa = PBXFileReference; fileEncoding = 4; lastKnownFileType = sourcecode.c.h; path = LRVoiceChatRoomListCell.h; sourceTree = "<group>"; };
		90F2C69F2254C08600A712B8 /* LRJoinVoiceChatRoomView.m */ = {isa = PBXFileReference; fileEncoding = 4; lastKnownFileType = sourcecode.c.objc; path = LRJoinVoiceChatRoomView.m; sourceTree = "<group>"; };
		90F2C6A02254C08600A712B8 /* LRJoinVoiceChatRoomView.h */ = {isa = PBXFileReference; fileEncoding = 4; lastKnownFileType = sourcecode.c.h; path = LRJoinVoiceChatRoomView.h; sourceTree = "<group>"; };
		90F2C6A12254C08600A712B8 /* LRVoiceChatRoomListCell.m */ = {isa = PBXFileReference; fileEncoding = 4; lastKnownFileType = sourcecode.c.objc; path = LRVoiceChatRoomListCell.m; sourceTree = "<group>"; };
		90F2C6A22254C08600A712B8 /* LRVoiceChatRoomListViewController.m */ = {isa = PBXFileReference; fileEncoding = 4; lastKnownFileType = sourcecode.c.objc; path = LRVoiceChatRoomListViewController.m; sourceTree = "<group>"; };
		90F2C6A32254C08600A712B8 /* Headers.h */ = {isa = PBXFileReference; fileEncoding = 4; lastKnownFileType = sourcecode.c.h; path = Headers.h; sourceTree = "<group>"; };
		90F2C6A52254C08600A712B8 /* LRCreateVoiceChatRoomViewController.xib */ = {isa = PBXFileReference; fileEncoding = 4; lastKnownFileType = file.xib; path = LRCreateVoiceChatRoomViewController.xib; sourceTree = "<group>"; };
		90F2C6A62254C08600A712B8 /* LRCreateVoiceChatRoomViewController.h */ = {isa = PBXFileReference; fileEncoding = 4; lastKnownFileType = sourcecode.c.h; path = LRCreateVoiceChatRoomViewController.h; sourceTree = "<group>"; };
		90F2C6A72254C08600A712B8 /* LRCreateVoiceChatRoomViewController.m */ = {isa = PBXFileReference; fileEncoding = 4; lastKnownFileType = sourcecode.c.objc; path = LRCreateVoiceChatRoomViewController.m; sourceTree = "<group>"; };
		90F2C6A82254C08600A712B8 /* AppDelegate.m */ = {isa = PBXFileReference; fileEncoding = 4; lastKnownFileType = sourcecode.c.objc; path = AppDelegate.m; sourceTree = "<group>"; };
		90F2C6AA2254C08600A712B8 /* LRLoginViewController.xib */ = {isa = PBXFileReference; fileEncoding = 4; lastKnownFileType = file.xib; path = LRLoginViewController.xib; sourceTree = "<group>"; };
		90F2C6AB2254C08600A712B8 /* LRLoginViewController.m */ = {isa = PBXFileReference; fileEncoding = 4; lastKnownFileType = sourcecode.c.objc; path = LRLoginViewController.m; sourceTree = "<group>"; };
		90F2C6B02254C08600A712B8 /* LRLoginViewController.h */ = {isa = PBXFileReference; fileEncoding = 4; lastKnownFileType = sourcecode.c.h; path = LRLoginViewController.h; sourceTree = "<group>"; };
		90F2C6B22254C08600A712B8 /* LRSettingViewController.m */ = {isa = PBXFileReference; fileEncoding = 4; lastKnownFileType = sourcecode.c.objc; path = LRSettingViewController.m; sourceTree = "<group>"; };
		90F2C6B32254C08600A712B8 /* LRSettingViewController.xib */ = {isa = PBXFileReference; fileEncoding = 4; lastKnownFileType = file.xib; path = LRSettingViewController.xib; sourceTree = "<group>"; };
		90F2C6B42254C08600A712B8 /* LRSettingViewController.h */ = {isa = PBXFileReference; fileEncoding = 4; lastKnownFileType = sourcecode.c.h; path = LRSettingViewController.h; sourceTree = "<group>"; };
		90F2C6B72254C08600A712B8 /* LRAlertController.h */ = {isa = PBXFileReference; fileEncoding = 4; lastKnownFileType = sourcecode.c.h; path = LRAlertController.h; sourceTree = "<group>"; };
		90F2C6B82254C08600A712B8 /* correct@3x.png */ = {isa = PBXFileReference; lastKnownFileType = image.png; path = "correct@3x.png"; sourceTree = "<group>"; };
		90F2C6B92254C08600A712B8 /* correct@2x.png */ = {isa = PBXFileReference; lastKnownFileType = image.png; path = "correct@2x.png"; sourceTree = "<group>"; };
		90F2C6BA2254C08600A712B8 /* warning@2x.png */ = {isa = PBXFileReference; lastKnownFileType = image.png; path = "warning@2x.png"; sourceTree = "<group>"; };
		90F2C6BB2254C08600A712B8 /* warning@3x.png */ = {isa = PBXFileReference; lastKnownFileType = image.png; path = "warning@3x.png"; sourceTree = "<group>"; };
		90F2C6BC2254C08600A712B8 /* LRAlertController.m */ = {isa = PBXFileReference; fileEncoding = 4; lastKnownFileType = sourcecode.c.objc; path = LRAlertController.m; sourceTree = "<group>"; };
		90F2C6BD2254C08600A712B8 /* LRAlertController.xib */ = {isa = PBXFileReference; fileEncoding = 4; lastKnownFileType = file.xib; path = LRAlertController.xib; sourceTree = "<group>"; };
		90F2C6BE2254C08600A712B8 /* close@3x.png */ = {isa = PBXFileReference; lastKnownFileType = image.png; path = "close@3x.png"; sourceTree = "<group>"; };
		90F2C6BF2254C08600A712B8 /* close@2x.png */ = {isa = PBXFileReference; lastKnownFileType = image.png; path = "close@2x.png"; sourceTree = "<group>"; };
		90F2C6C22254C08600A712B8 /* LRRefreshViewController.h */ = {isa = PBXFileReference; fileEncoding = 4; lastKnownFileType = sourcecode.c.h; path = LRRefreshViewController.h; sourceTree = "<group>"; };
		90F2C6C32254C08600A712B8 /* LRRefreshTableViewController.m */ = {isa = PBXFileReference; fileEncoding = 4; lastKnownFileType = sourcecode.c.objc; path = LRRefreshTableViewController.m; sourceTree = "<group>"; };
		90F2C6C42254C08600A712B8 /* LRRefreshViewController.m */ = {isa = PBXFileReference; fileEncoding = 4; lastKnownFileType = sourcecode.c.objc; path = LRRefreshViewController.m; sourceTree = "<group>"; };
		90F2C6C52254C08600A712B8 /* LRRefreshTableViewController.h */ = {isa = PBXFileReference; fileEncoding = 4; lastKnownFileType = sourcecode.c.h; path = LRRefreshTableViewController.h; sourceTree = "<group>"; };
		90F2C6C62254C08600A712B8 /* LRRealtimeSearch.h */ = {isa = PBXFileReference; fileEncoding = 4; lastKnownFileType = sourcecode.c.h; path = LRRealtimeSearch.h; sourceTree = "<group>"; };
		90F2C6C82254C08600A712B8 /* UIViewController+Search.m */ = {isa = PBXFileReference; fileEncoding = 4; lastKnownFileType = sourcecode.c.objc; path = "UIViewController+Search.m"; sourceTree = "<group>"; };
		90F2C6C92254C08600A712B8 /* LRSearchBar.m */ = {isa = PBXFileReference; fileEncoding = 4; lastKnownFileType = sourcecode.c.objc; path = LRSearchBar.m; sourceTree = "<group>"; };
		90F2C6CA2254C08600A712B8 /* LRSearchViewController.h */ = {isa = PBXFileReference; fileEncoding = 4; lastKnownFileType = sourcecode.c.h; path = LRSearchViewController.h; sourceTree = "<group>"; };
		90F2C6CB2254C08600A712B8 /* LRSearchResultController.h */ = {isa = PBXFileReference; fileEncoding = 4; lastKnownFileType = sourcecode.c.h; path = LRSearchResultController.h; sourceTree = "<group>"; };
		90F2C6CC2254C08600A712B8 /* LRSearchBar.h */ = {isa = PBXFileReference; fileEncoding = 4; lastKnownFileType = sourcecode.c.h; path = LRSearchBar.h; sourceTree = "<group>"; };
		90F2C6CD2254C08600A712B8 /* UIViewController+Search.h */ = {isa = PBXFileReference; fileEncoding = 4; lastKnownFileType = sourcecode.c.h; path = "UIViewController+Search.h"; sourceTree = "<group>"; };
		90F2C6CE2254C08600A712B8 /* LRSearchViewController.m */ = {isa = PBXFileReference; fileEncoding = 4; lastKnownFileType = sourcecode.c.objc; path = LRSearchViewController.m; sourceTree = "<group>"; };
		90F2C6CF2254C08600A712B8 /* LRSearchResultController.m */ = {isa = PBXFileReference; fileEncoding = 4; lastKnownFileType = sourcecode.c.objc; path = LRSearchResultController.m; sourceTree = "<group>"; };
		90F2C6D02254C08600A712B8 /* LRRealtimeSearch.m */ = {isa = PBXFileReference; fileEncoding = 4; lastKnownFileType = sourcecode.c.objc; path = LRRealtimeSearch.m; sourceTree = "<group>"; };
		90F2C6F32254C09400A712B8 /* add@2x.png */ = {isa = PBXFileReference; lastKnownFileType = image.png; path = "add@2x.png"; sourceTree = "<group>"; };
		9129ABF1877E591B4D2B7E4D /* Pods-liveroom.release.xcconfig */ = {isa = PBXFileReference; includeInIndex = 1; lastKnownFileType = text.xcconfig; name = "Pods-liveroom.release.xcconfig"; path = "Pods/Target Support Files/Pods-liveroom/Pods-liveroom.release.xcconfig"; sourceTree = "<group>"; };
/* End PBXFileReference section */

/* Begin PBXFrameworksBuildPhase section */
		90F2C6652254C02A00A712B8 /* Frameworks */ = {
			isa = PBXFrameworksBuildPhase;
			buildActionMask = 2147483647;
			files = (
				2D14E168672B7F54AE7ABA60 /* libPods-liveroom.a in Frameworks */,
			);
			runOnlyForDeploymentPostprocessing = 0;
		};
/* End PBXFrameworksBuildPhase section */

/* Begin PBXGroup section */
		8A492E73331EE2825162353A /* Frameworks */ = {
			isa = PBXGroup;
			children = (
				789E70471AB662ABBFC025F0 /* libPods-liveroom.a */,
			);
			name = Frameworks;
			sourceTree = "<group>";
		};
		901A54D72254CA7500F00186 /* VoiceRoomViewController */ = {
			isa = PBXGroup;
			children = (
				901A54EF2254DABC00F00186 /* close@2x.png */,
				901A54EE2254DABC00F00186 /* close@3x.png */,
				901A54E02254D9FC00F00186 /* musicList@2x.png */,
				901A54E32254D9FC00F00186 /* musicList@3x.png */,
				901A54DF2254D9FC00F00186 /* settings@2x.png */,
				901A54E12254D9FC00F00186 /* settings@3x.png */,
				901A54DE2254D9FC00F00186 /* share@2x.png */,
				901A54E42254D9FC00F00186 /* share@3x.png */,
				901A54E52254D9FD00F00186 /* userList@2x.png */,
				901A54E22254D9FC00F00186 /* userList@3x.png */,
				901A54D82254CA9700F00186 /* LRVoiceRoomViewController.h */,
				901A54D92254CA9700F00186 /* LRVoiceRoomViewController.m */,
				901A54DB2254D14000F00186 /* LRVoiceRoomHeader.h */,
				901A54DC2254D14000F00186 /* LRVoiceRoomHeader.m */,
			);
			path = VoiceRoomViewController;
			sourceTree = "<group>";
		};
		90F2C65F2254C02A00A712B8 = {
			isa = PBXGroup;
			children = (
				90F2C66A2254C02A00A712B8 /* liveroom */,
				90F2C6692254C02A00A712B8 /* Products */,
				B9C7747847F2506381338B9D /* Pods */,
				8A492E73331EE2825162353A /* Frameworks */,
			);
			sourceTree = "<group>";
		};
		90F2C6692254C02A00A712B8 /* Products */ = {
			isa = PBXGroup;
			children = (
				90F2C6682254C02A00A712B8 /* liveroom.app */,
			);
			name = Products;
			sourceTree = "<group>";
		};
		90F2C66A2254C02A00A712B8 /* liveroom */ = {
			isa = PBXGroup;
			children = (
				90F2C68E2254C08600A712B8 /* TCDefine.h */,
				90F2C6A32254C08600A712B8 /* Headers.h */,
				90F2C6822254C08600A712B8 /* LRNotifiersDefine.h */,
				90F2C68F2254C08600A712B8 /* AppDelegate.h */,
				90F2C6A82254C08600A712B8 /* AppDelegate.m */,
				90F2C6F22254C09400A712B8 /* Resources */,
				90F2C6812254C08600A712B8 /* Classes */,
				90F2C6712254C02A00A712B8 /* Main.storyboard */,
				90F2C6742254C02B00A712B8 /* Assets.xcassets */,
				90F2C6762254C02B00A712B8 /* LaunchScreen.storyboard */,
				90F2C6792254C02B00A712B8 /* Info.plist */,
				90F2C67A2254C02B00A712B8 /* main.m */,
			);
			path = liveroom;
			sourceTree = "<group>";
		};
		90F2C6812254C08600A712B8 /* Classes */ = {
			isa = PBXGroup;
			children = (
				901A54D72254CA7500F00186 /* VoiceRoomViewController */,
				90F2C6832254C08600A712B8 /* Home */,
				90F2C6902254C08600A712B8 /* Category */,
				90F2C6932254C08600A712B8 /* Util */,
				90F2C6972254C08600A712B8 /* VoiceChatRoomList */,
				90F2C6A42254C08600A712B8 /* CreateVoiceChatRoom */,
				90F2C6A92254C08600A712B8 /* Account */,
				90F2C6B12254C08600A712B8 /* Setting */,
				90F2C6B52254C08600A712B8 /* Custom */,
				90F2C6C02254C08600A712B8 /* Helper */,
			);
			path = Classes;
			sourceTree = "<group>";
		};
		90F2C6832254C08600A712B8 /* Home */ = {
			isa = PBXGroup;
			children = (
				90F2C6842254C08600A712B8 /* LRMainViewController.h */,
				90F2C6852254C08600A712B8 /* LRMainViewController.m */,
			);
			path = Home;
			sourceTree = "<group>";
		};
		90F2C6902254C08600A712B8 /* Category */ = {
			isa = PBXGroup;
			children = (
				90F2C6912254C08600A712B8 /* UIView+LRCategory.h */,
				90F2C6922254C08600A712B8 /* UIView+LRCategory.m */,
			);
			path = Category;
			sourceTree = "<group>";
		};
		90F2C6932254C08600A712B8 /* Util */ = {
			isa = PBXGroup;
			children = (
				90F2C6942254C08600A712B8 /* Log */,
			);
			path = Util;
			sourceTree = "<group>";
		};
		90F2C6942254C08600A712B8 /* Log */ = {
			isa = PBXGroup;
			children = (
				90F2C6962254C08600A712B8 /* LRLogManager.h */,
				90F2C6952254C08600A712B8 /* LRLogManager.m */,
			);
			path = Log;
			sourceTree = "<group>";
		};
		90F2C6972254C08600A712B8 /* VoiceChatRoomList */ = {
			isa = PBXGroup;
			children = (
				90F2C6982254C08600A712B8 /* LRVoiceChatRoomListViewController.h */,
				90F2C6A22254C08600A712B8 /* LRVoiceChatRoomListViewController.m */,
				90F2C6992254C08600A712B8 /* Model */,
				90F2C69C2254C08600A712B8 /* Views */,
			);
			path = VoiceChatRoomList;
			sourceTree = "<group>";
		};
		90F2C6992254C08600A712B8 /* Model */ = {
			isa = PBXGroup;
			children = (
				90F2C69B2254C08600A712B8 /* LRChatRoomListModel.h */,
				90F2C69A2254C08600A712B8 /* LRChatRoomListModel.m */,
			);
			path = Model;
			sourceTree = "<group>";
		};
		90F2C69C2254C08600A712B8 /* Views */ = {
			isa = PBXGroup;
			children = (
				90F2C69D2254C08600A712B8 /* LRVoiceChatRoomListCell.h */,
				90F2C6A12254C08600A712B8 /* LRVoiceChatRoomListCell.m */,
				90F2C69E2254C08600A712B8 /* JoinVoiceChatRoomView */,
			);
			path = Views;
			sourceTree = "<group>";
		};
		90F2C69E2254C08600A712B8 /* JoinVoiceChatRoomView */ = {
			isa = PBXGroup;
			children = (
				90F2C6A02254C08600A712B8 /* LRJoinVoiceChatRoomView.h */,
				90F2C69F2254C08600A712B8 /* LRJoinVoiceChatRoomView.m */,
			);
			path = JoinVoiceChatRoomView;
			sourceTree = "<group>";
		};
		90F2C6A42254C08600A712B8 /* CreateVoiceChatRoom */ = {
			isa = PBXGroup;
			children = (
				90F2C6A52254C08600A712B8 /* LRCreateVoiceChatRoomViewController.xib */,
				90F2C6A62254C08600A712B8 /* LRCreateVoiceChatRoomViewController.h */,
				90F2C6A72254C08600A712B8 /* LRCreateVoiceChatRoomViewController.m */,
			);
			path = CreateVoiceChatRoom;
			sourceTree = "<group>";
		};
		90F2C6A92254C08600A712B8 /* Account */ = {
			isa = PBXGroup;
			children = (
				90F2C6B02254C08600A712B8 /* LRLoginViewController.h */,
				90F2C6AB2254C08600A712B8 /* LRLoginViewController.m */,
				90F2C6AA2254C08600A712B8 /* LRLoginViewController.xib */,
			);
			path = Account;
			sourceTree = "<group>";
		};
		90F2C6B12254C08600A712B8 /* Setting */ = {
			isa = PBXGroup;
			children = (
				90F2C6B42254C08600A712B8 /* LRSettingViewController.h */,
				90F2C6B22254C08600A712B8 /* LRSettingViewController.m */,
				90F2C6B32254C08600A712B8 /* LRSettingViewController.xib */,
			);
			path = Setting;
			sourceTree = "<group>";
		};
		90F2C6B52254C08600A712B8 /* Custom */ = {
			isa = PBXGroup;
			children = (
				90F2C6B62254C08600A712B8 /* LRAlertController */,
			);
			path = Custom;
			sourceTree = "<group>";
		};
		90F2C6B62254C08600A712B8 /* LRAlertController */ = {
			isa = PBXGroup;
			children = (
				90F2C6B72254C08600A712B8 /* LRAlertController.h */,
				90F2C6BC2254C08600A712B8 /* LRAlertController.m */,
				90F2C6BD2254C08600A712B8 /* LRAlertController.xib */,
				90F2C6B82254C08600A712B8 /* correct@3x.png */,
				90F2C6B92254C08600A712B8 /* correct@2x.png */,
				90F2C6BA2254C08600A712B8 /* warning@2x.png */,
				90F2C6BB2254C08600A712B8 /* warning@3x.png */,
				90F2C6BE2254C08600A712B8 /* close@3x.png */,
				90F2C6BF2254C08600A712B8 /* close@2x.png */,
			);
			path = LRAlertController;
			sourceTree = "<group>";
		};
		90F2C6C02254C08600A712B8 /* Helper */ = {
			isa = PBXGroup;
			children = (
				90F2C6C62254C08600A712B8 /* LRRealtimeSearch.h */,
				90F2C6D02254C08600A712B8 /* LRRealtimeSearch.m */,
				90F2C6C12254C08600A712B8 /* RefreshController */,
				90F2C6C72254C08600A712B8 /* SearchController */,
			);
			path = Helper;
			sourceTree = "<group>";
		};
		90F2C6C12254C08600A712B8 /* RefreshController */ = {
			isa = PBXGroup;
			children = (
				90F2C6C22254C08600A712B8 /* LRRefreshViewController.h */,
				90F2C6C42254C08600A712B8 /* LRRefreshViewController.m */,
				90F2C6C52254C08600A712B8 /* LRRefreshTableViewController.h */,
				90F2C6C32254C08600A712B8 /* LRRefreshTableViewController.m */,
			);
			path = RefreshController;
			sourceTree = "<group>";
		};
		90F2C6C72254C08600A712B8 /* SearchController */ = {
			isa = PBXGroup;
			children = (
				90F2C6CD2254C08600A712B8 /* UIViewController+Search.h */,
				90F2C6C82254C08600A712B8 /* UIViewController+Search.m */,
				90F2C6CC2254C08600A712B8 /* LRSearchBar.h */,
				90F2C6C92254C08600A712B8 /* LRSearchBar.m */,
				90F2C6CA2254C08600A712B8 /* LRSearchViewController.h */,
				90F2C6CE2254C08600A712B8 /* LRSearchViewController.m */,
				90F2C6CB2254C08600A712B8 /* LRSearchResultController.h */,
				90F2C6CF2254C08600A712B8 /* LRSearchResultController.m */,
			);
			path = SearchController;
			sourceTree = "<group>";
		};
		90F2C6F22254C09400A712B8 /* Resources */ = {
			isa = PBXGroup;
			children = (
				90F2C6F32254C09400A712B8 /* add@2x.png */,
			);
			path = Resources;
			sourceTree = "<group>";
		};
		B9C7747847F2506381338B9D /* Pods */ = {
			isa = PBXGroup;
			children = (
				2BA6ADC8633F347AD7C7963A /* Pods-liveroom.debug.xcconfig */,
				9129ABF1877E591B4D2B7E4D /* Pods-liveroom.release.xcconfig */,
			);
			name = Pods;
			sourceTree = "<group>";
		};
/* End PBXGroup section */

/* Begin PBXNativeTarget section */
		90F2C6672254C02A00A712B8 /* liveroom */ = {
			isa = PBXNativeTarget;
			buildConfigurationList = 90F2C67E2254C02B00A712B8 /* Build configuration list for PBXNativeTarget "liveroom" */;
			buildPhases = (
				B68E15B3F5D8F640D398D453 /* [CP] Check Pods Manifest.lock */,
				90F2C6642254C02A00A712B8 /* Sources */,
				90F2C6652254C02A00A712B8 /* Frameworks */,
				90F2C6662254C02A00A712B8 /* Resources */,
				E5A84395069200D90DDF58CB /* [CP] Copy Pods Resources */,
			);
			buildRules = (
			);
			dependencies = (
			);
			name = liveroom;
			productName = liveroom;
			productReference = 90F2C6682254C02A00A712B8 /* liveroom.app */;
			productType = "com.apple.product-type.application";
		};
/* End PBXNativeTarget section */

/* Begin PBXProject section */
		90F2C6602254C02A00A712B8 /* Project object */ = {
			isa = PBXProject;
			attributes = {
				CLASSPREFIX = LR;
				LastUpgradeCheck = 1010;
				ORGANIZATIONNAME = Easemob;
				TargetAttributes = {
					90F2C6672254C02A00A712B8 = {
						CreatedOnToolsVersion = 10.1;
					};
				};
			};
			buildConfigurationList = 90F2C6632254C02A00A712B8 /* Build configuration list for PBXProject "liveroom" */;
			compatibilityVersion = "Xcode 9.3";
			developmentRegion = en;
			hasScannedForEncodings = 0;
			knownRegions = (
				en,
				Base,
			);
			mainGroup = 90F2C65F2254C02A00A712B8;
			productRefGroup = 90F2C6692254C02A00A712B8 /* Products */;
			projectDirPath = "";
			projectRoot = "";
			targets = (
				90F2C6672254C02A00A712B8 /* liveroom */,
			);
		};
/* End PBXProject section */

/* Begin PBXResourcesBuildPhase section */
		90F2C6662254C02A00A712B8 /* Resources */ = {
			isa = PBXResourcesBuildPhase;
			buildActionMask = 2147483647;
			files = (
				90F2C6782254C02B00A712B8 /* LaunchScreen.storyboard in Resources */,
				901A54ED2254D9FD00F00186 /* userList@2x.png in Resources */,
				90F2C6EA2254C08600A712B8 /* close@2x.png in Resources */,
				90F2C6E52254C08600A712B8 /* warning@2x.png in Resources */,
				901A54EA2254D9FD00F00186 /* userList@3x.png in Resources */,
				90F2C6DA2254C08600A712B8 /* LRCreateVoiceChatRoomViewController.xib in Resources */,
				901A54E82254D9FD00F00186 /* musicList@2x.png in Resources */,
				90F2C6E62254C08600A712B8 /* warning@3x.png in Resources */,
				901A54E62254D9FD00F00186 /* share@2x.png in Resources */,
				90F2C6752254C02B00A712B8 /* Assets.xcassets in Resources */,
				90F2C6E82254C08600A712B8 /* LRAlertController.xib in Resources */,
				90F2C6E92254C08600A712B8 /* close@3x.png in Resources */,
				901A54E92254D9FD00F00186 /* settings@3x.png in Resources */,
				90F2C6E42254C08600A712B8 /* correct@2x.png in Resources */,
				90F2C6732254C02A00A712B8 /* Main.storyboard in Resources */,
				901A54F12254DABC00F00186 /* close@2x.png in Resources */,
				90F2C6F42254C09400A712B8 /* add@2x.png in Resources */,
				901A54F02254DABC00F00186 /* close@3x.png in Resources */,
				901A54EB2254D9FD00F00186 /* musicList@3x.png in Resources */,
				90F2C6E22254C08600A712B8 /* LRSettingViewController.xib in Resources */,
				901A54E72254D9FD00F00186 /* settings@2x.png in Resources */,
				90F2C6E32254C08600A712B8 /* correct@3x.png in Resources */,
				90F2C6DD2254C08600A712B8 /* LRLoginViewController.xib in Resources */,
				901A54EC2254D9FD00F00186 /* share@3x.png in Resources */,
			);
			runOnlyForDeploymentPostprocessing = 0;
		};
/* End PBXResourcesBuildPhase section */

/* Begin PBXShellScriptBuildPhase section */
		B68E15B3F5D8F640D398D453 /* [CP] Check Pods Manifest.lock */ = {
			isa = PBXShellScriptBuildPhase;
			buildActionMask = 2147483647;
			files = (
			);
			inputFileListPaths = (
			);
			inputPaths = (
				"${PODS_PODFILE_DIR_PATH}/Podfile.lock",
				"${PODS_ROOT}/Manifest.lock",
			);
			name = "[CP] Check Pods Manifest.lock";
			outputFileListPaths = (
			);
			outputPaths = (
				"$(DERIVED_FILE_DIR)/Pods-liveroom-checkManifestLockResult.txt",
			);
			runOnlyForDeploymentPostprocessing = 0;
			shellPath = /bin/sh;
			shellScript = "diff \"${PODS_PODFILE_DIR_PATH}/Podfile.lock\" \"${PODS_ROOT}/Manifest.lock\" > /dev/null\nif [ $? != 0 ] ; then\n    # print error to STDERR\n    echo \"error: The sandbox is not in sync with the Podfile.lock. Run 'pod install' or update your CocoaPods installation.\" >&2\n    exit 1\nfi\n# This output is used by Xcode 'outputs' to avoid re-running this script phase.\necho \"SUCCESS\" > \"${SCRIPT_OUTPUT_FILE_0}\"\n";
			showEnvVarsInLog = 0;
		};
		E5A84395069200D90DDF58CB /* [CP] Copy Pods Resources */ = {
			isa = PBXShellScriptBuildPhase;
			buildActionMask = 2147483647;
			files = (
			);
			inputFileListPaths = (
			);
			inputPaths = (
				"${SRCROOT}/Pods/Target Support Files/Pods-liveroom/Pods-liveroom-resources.sh",
				"${PODS_ROOT}/MJRefresh/MJRefresh/MJRefresh.bundle",
			);
			name = "[CP] Copy Pods Resources";
			outputFileListPaths = (
			);
			outputPaths = (
				"${TARGET_BUILD_DIR}/${UNLOCALIZED_RESOURCES_FOLDER_PATH}/MJRefresh.bundle",
			);
			runOnlyForDeploymentPostprocessing = 0;
			shellPath = /bin/sh;
			shellScript = "\"${SRCROOT}/Pods/Target Support Files/Pods-liveroom/Pods-liveroom-resources.sh\"\n";
			showEnvVarsInLog = 0;
		};
/* End PBXShellScriptBuildPhase section */

/* Begin PBXSourcesBuildPhase section */
		90F2C6642254C02A00A712B8 /* Sources */ = {
			isa = PBXSourcesBuildPhase;
			buildActionMask = 2147483647;
			files = (
				90F2C6E72254C08600A712B8 /* LRAlertController.m in Sources */,
				901A54DA2254CA9700F00186 /* LRVoiceRoomViewController.m in Sources */,
				90F2C6D52254C08600A712B8 /* LRLogManager.m in Sources */,
				90F2C6EF2254C08600A712B8 /* LRSearchViewController.m in Sources */,
				90F2C6DE2254C08600A712B8 /* LRLoginViewController.m in Sources */,
				90F2C6DB2254C08600A712B8 /* LRCreateVoiceChatRoomViewController.m in Sources */,
				90F2C6D62254C08600A712B8 /* LRChatRoomListModel.m in Sources */,
				90F2C6ED2254C08600A712B8 /* UIViewController+Search.m in Sources */,
				90F2C6EE2254C08600A712B8 /* LRSearchBar.m in Sources */,
				90F2C6D12254C08600A712B8 /* LRMainViewController.m in Sources */,
				90F2C67B2254C02B00A712B8 /* main.m in Sources */,
				90F2C6EB2254C08600A712B8 /* LRRefreshTableViewController.m in Sources */,
				901A54DD2254D14000F00186 /* LRVoiceRoomHeader.m in Sources */,
				90F2C6D82254C08600A712B8 /* LRVoiceChatRoomListCell.m in Sources */,
				90F2C6F12254C08600A712B8 /* LRRealtimeSearch.m in Sources */,
				90F2C6F02254C08600A712B8 /* LRSearchResultController.m in Sources */,
				90F2C6E12254C08600A712B8 /* LRSettingViewController.m in Sources */,
				90F2C6D72254C08600A712B8 /* LRJoinVoiceChatRoomView.m in Sources */,
				90F2C6DC2254C08600A712B8 /* AppDelegate.m in Sources */,
				90F2C6D92254C08600A712B8 /* LRVoiceChatRoomListViewController.m in Sources */,
				90F2C6EC2254C08600A712B8 /* LRRefreshViewController.m in Sources */,
				90F2C6D42254C08600A712B8 /* UIView+LRCategory.m in Sources */,
			);
			runOnlyForDeploymentPostprocessing = 0;
		};
/* End PBXSourcesBuildPhase section */

/* Begin PBXVariantGroup section */
		90F2C6712254C02A00A712B8 /* Main.storyboard */ = {
			isa = PBXVariantGroup;
			children = (
				90F2C6722254C02A00A712B8 /* Base */,
			);
			name = Main.storyboard;
			sourceTree = "<group>";
		};
		90F2C6762254C02B00A712B8 /* LaunchScreen.storyboard */ = {
			isa = PBXVariantGroup;
			children = (
				90F2C6772254C02B00A712B8 /* Base */,
			);
			name = LaunchScreen.storyboard;
			sourceTree = "<group>";
		};
/* End PBXVariantGroup section */

/* Begin XCBuildConfiguration section */
		90F2C67C2254C02B00A712B8 /* Debug */ = {
			isa = XCBuildConfiguration;
			buildSettings = {
				ALWAYS_SEARCH_USER_PATHS = NO;
				CLANG_ANALYZER_NONNULL = YES;
				CLANG_ANALYZER_NUMBER_OBJECT_CONVERSION = YES_AGGRESSIVE;
				CLANG_CXX_LANGUAGE_STANDARD = "gnu++14";
				CLANG_CXX_LIBRARY = "libc++";
				CLANG_ENABLE_MODULES = YES;
				CLANG_ENABLE_OBJC_ARC = YES;
				CLANG_ENABLE_OBJC_WEAK = YES;
				CLANG_WARN_BLOCK_CAPTURE_AUTORELEASING = YES;
				CLANG_WARN_BOOL_CONVERSION = YES;
				CLANG_WARN_COMMA = YES;
				CLANG_WARN_CONSTANT_CONVERSION = YES;
				CLANG_WARN_DEPRECATED_OBJC_IMPLEMENTATIONS = YES;
				CLANG_WARN_DIRECT_OBJC_ISA_USAGE = YES_ERROR;
				CLANG_WARN_DOCUMENTATION_COMMENTS = YES;
				CLANG_WARN_EMPTY_BODY = YES;
				CLANG_WARN_ENUM_CONVERSION = YES;
				CLANG_WARN_INFINITE_RECURSION = YES;
				CLANG_WARN_INT_CONVERSION = YES;
				CLANG_WARN_NON_LITERAL_NULL_CONVERSION = YES;
				CLANG_WARN_OBJC_IMPLICIT_RETAIN_SELF = YES;
				CLANG_WARN_OBJC_LITERAL_CONVERSION = YES;
				CLANG_WARN_OBJC_ROOT_CLASS = YES_ERROR;
				CLANG_WARN_RANGE_LOOP_ANALYSIS = YES;
				CLANG_WARN_STRICT_PROTOTYPES = YES;
				CLANG_WARN_SUSPICIOUS_MOVE = YES;
				CLANG_WARN_UNGUARDED_AVAILABILITY = YES_AGGRESSIVE;
				CLANG_WARN_UNREACHABLE_CODE = YES;
				CLANG_WARN__DUPLICATE_METHOD_MATCH = YES;
				CODE_SIGN_IDENTITY = "iPhone Developer";
				COPY_PHASE_STRIP = NO;
				DEBUG_INFORMATION_FORMAT = dwarf;
				ENABLE_STRICT_OBJC_MSGSEND = YES;
				ENABLE_TESTABILITY = YES;
				GCC_C_LANGUAGE_STANDARD = gnu11;
				GCC_DYNAMIC_NO_PIC = NO;
				GCC_NO_COMMON_BLOCKS = YES;
				GCC_OPTIMIZATION_LEVEL = 0;
				GCC_PREPROCESSOR_DEFINITIONS = (
					"DEBUG=1",
					"$(inherited)",
				);
				GCC_WARN_64_TO_32_BIT_CONVERSION = YES;
				GCC_WARN_ABOUT_RETURN_TYPE = YES_ERROR;
				GCC_WARN_UNDECLARED_SELECTOR = YES;
				GCC_WARN_UNINITIALIZED_AUTOS = YES_AGGRESSIVE;
				GCC_WARN_UNUSED_FUNCTION = YES;
				GCC_WARN_UNUSED_VARIABLE = YES;
				IPHONEOS_DEPLOYMENT_TARGET = 12.1;
				MTL_ENABLE_DEBUG_INFO = INCLUDE_SOURCE;
				MTL_FAST_MATH = YES;
				ONLY_ACTIVE_ARCH = YES;
				SDKROOT = iphoneos;
			};
			name = Debug;
		};
		90F2C67D2254C02B00A712B8 /* Release */ = {
			isa = XCBuildConfiguration;
			buildSettings = {
				ALWAYS_SEARCH_USER_PATHS = NO;
				CLANG_ANALYZER_NONNULL = YES;
				CLANG_ANALYZER_NUMBER_OBJECT_CONVERSION = YES_AGGRESSIVE;
				CLANG_CXX_LANGUAGE_STANDARD = "gnu++14";
				CLANG_CXX_LIBRARY = "libc++";
				CLANG_ENABLE_MODULES = YES;
				CLANG_ENABLE_OBJC_ARC = YES;
				CLANG_ENABLE_OBJC_WEAK = YES;
				CLANG_WARN_BLOCK_CAPTURE_AUTORELEASING = YES;
				CLANG_WARN_BOOL_CONVERSION = YES;
				CLANG_WARN_COMMA = YES;
				CLANG_WARN_CONSTANT_CONVERSION = YES;
				CLANG_WARN_DEPRECATED_OBJC_IMPLEMENTATIONS = YES;
				CLANG_WARN_DIRECT_OBJC_ISA_USAGE = YES_ERROR;
				CLANG_WARN_DOCUMENTATION_COMMENTS = YES;
				CLANG_WARN_EMPTY_BODY = YES;
				CLANG_WARN_ENUM_CONVERSION = YES;
				CLANG_WARN_INFINITE_RECURSION = YES;
				CLANG_WARN_INT_CONVERSION = YES;
				CLANG_WARN_NON_LITERAL_NULL_CONVERSION = YES;
				CLANG_WARN_OBJC_IMPLICIT_RETAIN_SELF = YES;
				CLANG_WARN_OBJC_LITERAL_CONVERSION = YES;
				CLANG_WARN_OBJC_ROOT_CLASS = YES_ERROR;
				CLANG_WARN_RANGE_LOOP_ANALYSIS = YES;
				CLANG_WARN_STRICT_PROTOTYPES = YES;
				CLANG_WARN_SUSPICIOUS_MOVE = YES;
				CLANG_WARN_UNGUARDED_AVAILABILITY = YES_AGGRESSIVE;
				CLANG_WARN_UNREACHABLE_CODE = YES;
				CLANG_WARN__DUPLICATE_METHOD_MATCH = YES;
				CODE_SIGN_IDENTITY = "iPhone Developer";
				COPY_PHASE_STRIP = NO;
				DEBUG_INFORMATION_FORMAT = "dwarf-with-dsym";
				ENABLE_NS_ASSERTIONS = NO;
				ENABLE_STRICT_OBJC_MSGSEND = YES;
				GCC_C_LANGUAGE_STANDARD = gnu11;
				GCC_NO_COMMON_BLOCKS = YES;
				GCC_WARN_64_TO_32_BIT_CONVERSION = YES;
				GCC_WARN_ABOUT_RETURN_TYPE = YES_ERROR;
				GCC_WARN_UNDECLARED_SELECTOR = YES;
				GCC_WARN_UNINITIALIZED_AUTOS = YES_AGGRESSIVE;
				GCC_WARN_UNUSED_FUNCTION = YES;
				GCC_WARN_UNUSED_VARIABLE = YES;
				IPHONEOS_DEPLOYMENT_TARGET = 12.1;
				MTL_ENABLE_DEBUG_INFO = NO;
				MTL_FAST_MATH = YES;
				SDKROOT = iphoneos;
				VALIDATE_PRODUCT = YES;
			};
			name = Release;
		};
		90F2C67F2254C02B00A712B8 /* Debug */ = {
			isa = XCBuildConfiguration;
			baseConfigurationReference = 2BA6ADC8633F347AD7C7963A /* Pods-liveroom.debug.xcconfig */;
			buildSettings = {
				ASSETCATALOG_COMPILER_APPICON_NAME = AppIcon;
				CODE_SIGN_STYLE = Automatic;
				DEVELOPMENT_TEAM = 499WYUV8Q2;
				INFOPLIST_FILE = liveroom/Info.plist;
				IPHONEOS_DEPLOYMENT_TARGET = 8.0;
				LD_RUNPATH_SEARCH_PATHS = (
					"$(inherited)",
					"@executable_path/Frameworks",
				);
				PRODUCT_BUNDLE_IDENTIFIER = com.easemob.liveroom;
				PRODUCT_NAME = "$(TARGET_NAME)";
				TARGETED_DEVICE_FAMILY = 1;
			};
			name = Debug;
		};
		90F2C6802254C02B00A712B8 /* Release */ = {
			isa = XCBuildConfiguration;
			baseConfigurationReference = 9129ABF1877E591B4D2B7E4D /* Pods-liveroom.release.xcconfig */;
			buildSettings = {
				ASSETCATALOG_COMPILER_APPICON_NAME = AppIcon;
				CODE_SIGN_STYLE = Automatic;
				DEVELOPMENT_TEAM = 499WYUV8Q2;
				INFOPLIST_FILE = liveroom/Info.plist;
				IPHONEOS_DEPLOYMENT_TARGET = 8.0;
				LD_RUNPATH_SEARCH_PATHS = (
					"$(inherited)",
					"@executable_path/Frameworks",
				);
				PRODUCT_BUNDLE_IDENTIFIER = com.easemob.liveroom;
				PRODUCT_NAME = "$(TARGET_NAME)";
				TARGETED_DEVICE_FAMILY = 1;
			};
			name = Release;
		};
/* End XCBuildConfiguration section */

/* Begin XCConfigurationList section */
		90F2C6632254C02A00A712B8 /* Build configuration list for PBXProject "liveroom" */ = {
			isa = XCConfigurationList;
			buildConfigurations = (
				90F2C67C2254C02B00A712B8 /* Debug */,
				90F2C67D2254C02B00A712B8 /* Release */,
			);
			defaultConfigurationIsVisible = 0;
			defaultConfigurationName = Release;
		};
		90F2C67E2254C02B00A712B8 /* Build configuration list for PBXNativeTarget "liveroom" */ = {
			isa = XCConfigurationList;
			buildConfigurations = (
				90F2C67F2254C02B00A712B8 /* Debug */,
				90F2C6802254C02B00A712B8 /* Release */,
			);
			defaultConfigurationIsVisible = 0;
			defaultConfigurationName = Release;
		};
/* End XCConfigurationList section */
	};
	rootObject = 90F2C6602254C02A00A712B8 /* Project object */;
}
