// !$*UTF8*$!
{
	archiveVersion = 1;
	classes = {
	};
	objectVersion = 50;
	objects = {

/* Begin PBXBuildFile section */
		2D14E168672B7F54AE7ABA60 /* libPods-liveroom.a in Frameworks */ = {isa = PBXBuildFile; fileRef = 789E70471AB662ABBFC025F0 /* libPods-liveroom.a */; };
		901A54DA2254CA9700F00186 /* LRRoomViewController.m in Sources */ = {isa = PBXBuildFile; fileRef = 901A54D92254CA9700F00186 /* LRRoomViewController.m */; };
		902B51ED2261BCFD000EC701 /* UIViewController+LRAlert.m in Sources */ = {isa = PBXBuildFile; fileRef = 902B51EC2261BCFD000EC701 /* UIViewController+LRAlert.m */; };
		90445CB1225CD03300917B64 /* LRChatroomMembersModel.m in Sources */ = {isa = PBXBuildFile; fileRef = 90445CAD225CD03300917B64 /* LRChatroomMembersModel.m */; };
		9058DF912258D7A900699AB2 /* LRChatViewController.m in Sources */ = {isa = PBXBuildFile; fileRef = 9058DF902258D7A900699AB2 /* LRChatViewController.m */; };
		9058DF942258D8EE00699AB2 /* LRVoiceRoomTabbar.m in Sources */ = {isa = PBXBuildFile; fileRef = 9058DF932258D8EE00699AB2 /* LRVoiceRoomTabbar.m */; };
		90600131225DA55600CD8BAA /* LRVoiceRoomHeader.m in Sources */ = {isa = PBXBuildFile; fileRef = 90600129225DA55600CD8BAA /* LRVoiceRoomHeader.m */; };
		90600132225DA55600CD8BAA /* LRVolumeView.m in Sources */ = {isa = PBXBuildFile; fileRef = 9060012C225DA55600CD8BAA /* LRVolumeView.m */; };
		90600134225DA55600CD8BAA /* LRChatroomMembersCell.m in Sources */ = {isa = PBXBuildFile; fileRef = 9060012F225DA55600CD8BAA /* LRChatroomMembersCell.m */; };
		90600135225DA55600CD8BAA /* LRSpeakerTypeView.m in Sources */ = {isa = PBXBuildFile; fileRef = 90600130225DA55600CD8BAA /* LRSpeakerTypeView.m */; };
		9060013E225EE35B00CD8BAA /* LRChatHelper.m in Sources */ = {isa = PBXBuildFile; fileRef = 9060013C225EE35B00CD8BAA /* LRChatHelper.m */; };
		90600141225EE38B00CD8BAA /* LRSpeakHelper.m in Sources */ = {isa = PBXBuildFile; fileRef = 90600140225EE38B00CD8BAA /* LRSpeakHelper.m */; };
		9083DC8B225603E70099C5BD /* LRSpeakViewController.m in Sources */ = {isa = PBXBuildFile; fileRef = 9083DC8A225603E70099C5BD /* LRSpeakViewController.m */; };
		9083DC8F225606B10099C5BD /* LRGCDMulticastDelegate.m in Sources */ = {isa = PBXBuildFile; fileRef = 9083DC8E225606B10099C5BD /* LRGCDMulticastDelegate.m */; };
		90F2C6732254C02A00A712B8 /* Main.storyboard in Resources */ = {isa = PBXBuildFile; fileRef = 90F2C6712254C02A00A712B8 /* Main.storyboard */; };
		90F2C6752254C02B00A712B8 /* Assets.xcassets in Resources */ = {isa = PBXBuildFile; fileRef = 90F2C6742254C02B00A712B8 /* Assets.xcassets */; };
		90F2C6782254C02B00A712B8 /* LaunchScreen.storyboard in Resources */ = {isa = PBXBuildFile; fileRef = 90F2C6762254C02B00A712B8 /* LaunchScreen.storyboard */; };
		90F2C67B2254C02B00A712B8 /* main.m in Sources */ = {isa = PBXBuildFile; fileRef = 90F2C67A2254C02B00A712B8 /* main.m */; };
		90F2C6D12254C08600A712B8 /* LRMainViewController.m in Sources */ = {isa = PBXBuildFile; fileRef = 90F2C6852254C08600A712B8 /* LRMainViewController.m */; };
		90F2C6D42254C08600A712B8 /* UIView+LRCategory.m in Sources */ = {isa = PBXBuildFile; fileRef = 90F2C6922254C08600A712B8 /* UIView+LRCategory.m */; };
		90F2C6D52254C08600A712B8 /* LRLogManager.m in Sources */ = {isa = PBXBuildFile; fileRef = 90F2C6952254C08600A712B8 /* LRLogManager.m */; };
		90F2C6D62254C08600A712B8 /* LRRoomModel.m in Sources */ = {isa = PBXBuildFile; fileRef = 90F2C69A2254C08600A712B8 /* LRRoomModel.m */; };
		90F2C6D82254C08600A712B8 /* LRVoiceChatRoomListCell.m in Sources */ = {isa = PBXBuildFile; fileRef = 90F2C6A12254C08600A712B8 /* LRVoiceChatRoomListCell.m */; };
		90F2C6D92254C08600A712B8 /* LRRoomListViewController.m in Sources */ = {isa = PBXBuildFile; fileRef = 90F2C6A22254C08600A712B8 /* LRRoomListViewController.m */; };
		90F2C6DC2254C08600A712B8 /* AppDelegate.m in Sources */ = {isa = PBXBuildFile; fileRef = 90F2C6A82254C08600A712B8 /* AppDelegate.m */; };
		90F2C6DD2254C08600A712B8 /* LRLoginViewController.xib in Resources */ = {isa = PBXBuildFile; fileRef = 90F2C6AA2254C08600A712B8 /* LRLoginViewController.xib */; };
		90F2C6DE2254C08600A712B8 /* LRLoginViewController.m in Sources */ = {isa = PBXBuildFile; fileRef = 90F2C6AB2254C08600A712B8 /* LRLoginViewController.m */; };
		90F2C6E12254C08600A712B8 /* LRSettingViewController.m in Sources */ = {isa = PBXBuildFile; fileRef = 90F2C6B22254C08600A712B8 /* LRSettingViewController.m */; };
		90F2C6E72254C08600A712B8 /* LRAlertController.m in Sources */ = {isa = PBXBuildFile; fileRef = 90F2C6BC2254C08600A712B8 /* LRAlertController.m */; };
		90F2C6E82254C08600A712B8 /* LRAlertController.xib in Resources */ = {isa = PBXBuildFile; fileRef = 90F2C6BD2254C08600A712B8 /* LRAlertController.xib */; };
		90F2C6F42254C09400A712B8 /* add@2x.png in Resources */ = {isa = PBXBuildFile; fileRef = 90F2C6F32254C09400A712B8 /* add@2x.png */; };
		E04712C62259A77C00F9910C /* LRSearchBar.m in Sources */ = {isa = PBXBuildFile; fileRef = E04712C22259A77C00F9910C /* LRSearchBar.m */; };
		E04712C72259A77C00F9910C /* LRRealtimeSearch.m in Sources */ = {isa = PBXBuildFile; fileRef = E04712C52259A77C00F9910C /* LRRealtimeSearch.m */; };
		E04712CD2259B3F600F9910C /* LRSettingTableViewCell.m in Sources */ = {isa = PBXBuildFile; fileRef = E04712CB2259B3F600F9910C /* LRSettingTableViewCell.m */; };
		E04712D32259D20900F9910C /* LRSettingSwitch.m in Sources */ = {isa = PBXBuildFile; fileRef = E04712D22259D20900F9910C /* LRSettingSwitch.m */; };
		E04712D7225B61F000F9910C /* LRTabBar.m in Sources */ = {isa = PBXBuildFile; fileRef = E04712D6225B61F000F9910C /* LRTabBar.m */; };
		E04712DB225C503400F9910C /* LRRoomInfoViewController.m in Sources */ = {isa = PBXBuildFile; fileRef = E04712DA225C503400F9910C /* LRRoomInfoViewController.m */; };
		E04712DF225C8CEF00F9910C /* find@2x.png in Resources */ = {isa = PBXBuildFile; fileRef = E04712DE225C8CEF00F9910C /* find@2x.png */; };
		E04712E2225C907600F9910C /* LRFindView.m in Sources */ = {isa = PBXBuildFile; fileRef = E04712E1225C907600F9910C /* LRFindView.m */; };
		E04712F0225DEEB600F9910C /* LRVolumeView.m in Sources */ = {isa = PBXBuildFile; fileRef = E04712EF225DEEB600F9910C /* LRVolumeView.m */; };
		E04712F8225F1A5A00F9910C /* LRRequestManager.m in Sources */ = {isa = PBXBuildFile; fileRef = E04712F6225F1A5900F9910C /* LRRequestManager.m */; };
		E04712FE22602FC800F9910C /* LRCreateRoomViewController.m in Sources */ = {isa = PBXBuildFile; fileRef = E04712FD22602FC800F9910C /* LRCreateRoomViewController.m */; };
		E047130022606E7900F9910C /* delete_input@2x.png in Resources */ = {isa = PBXBuildFile; fileRef = E04712FF22606E7900F9910C /* delete_input@2x.png */; };
		E0780C91226DB9F3008CF34E /* search-material@2x.png in Resources */ = {isa = PBXBuildFile; fileRef = E0780C8F226DB9F3008CF34E /* search-material@2x.png */; };
		E0780C92226DB9F3008CF34E /* search-material@3x.png in Resources */ = {isa = PBXBuildFile; fileRef = E0780C90226DB9F3008CF34E /* search-material@3x.png */; };
		E096BE5F22641FB7007908BB /* LRRoomOptions.m in Sources */ = {isa = PBXBuildFile; fileRef = E096BE5E22641FB7007908BB /* LRRoomOptions.m */; };
		E096C5E42269B77D007908BB /* Hyphenate.framework in Frameworks */ = {isa = PBXBuildFile; fileRef = E096C5E32269B77D007908BB /* Hyphenate.framework */; };
		E096C5E72269BE88007908BB /* Hyphenate.framework in Frameworks */ = {isa = PBXBuildFile; fileRef = E096C5E32269B77D007908BB /* Hyphenate.framework */; };
		E096C5E82269BE88007908BB /* Hyphenate.framework in Embed Frameworks */ = {isa = PBXBuildFile; fileRef = E096C5E32269B77D007908BB /* Hyphenate.framework */; settings = {ATTRIBUTES = (CodeSignOnCopy, RemoveHeadersOnCopy, ); }; };
		E0A7E6F9226D802400AE6C6F /* close2@3x.png in Resources */ = {isa = PBXBuildFile; fileRef = E0A7E6F5226D802400AE6C6F /* close2@3x.png */; };
		E0A7E6FA226D802400AE6C6F /* creat@2x.png in Resources */ = {isa = PBXBuildFile; fileRef = E0A7E6F6226D802400AE6C6F /* creat@2x.png */; };
		E0A7E6FB226D802400AE6C6F /* creat@3x.png in Resources */ = {isa = PBXBuildFile; fileRef = E0A7E6F7226D802400AE6C6F /* creat@3x.png */; };
		E0A7E6FC226D802400AE6C6F /* close2@2x.png in Resources */ = {isa = PBXBuildFile; fileRef = E0A7E6F8226D802400AE6C6F /* close2@2x.png */; };
/* End PBXBuildFile section */

/* Begin PBXCopyFilesBuildPhase section */
		90986BA622649737009A8FC7 /* Embed Frameworks */ = {
			isa = PBXCopyFilesBuildPhase;
			buildActionMask = 2147483647;
			dstPath = "";
			dstSubfolderSpec = 10;
			files = (
				E096C5E82269BE88007908BB /* Hyphenate.framework in Embed Frameworks */,
			);
			name = "Embed Frameworks";
			runOnlyForDeploymentPostprocessing = 0;
		};
/* End PBXCopyFilesBuildPhase section */

/* Begin PBXFileReference section */
		2BA6ADC8633F347AD7C7963A /* Pods-liveroom.debug.xcconfig */ = {isa = PBXFileReference; includeInIndex = 1; lastKnownFileType = text.xcconfig; name = "Pods-liveroom.debug.xcconfig"; path = "Pods/Target Support Files/Pods-liveroom/Pods-liveroom.debug.xcconfig"; sourceTree = "<group>"; };
		789E70471AB662ABBFC025F0 /* libPods-liveroom.a */ = {isa = PBXFileReference; explicitFileType = archive.ar; includeInIndex = 0; path = "libPods-liveroom.a"; sourceTree = BUILT_PRODUCTS_DIR; };
		901A54D82254CA9700F00186 /* LRRoomViewController.h */ = {isa = PBXFileReference; lastKnownFileType = sourcecode.c.h; path = LRRoomViewController.h; sourceTree = "<group>"; };
		901A54D92254CA9700F00186 /* LRRoomViewController.m */ = {isa = PBXFileReference; lastKnownFileType = sourcecode.c.objc; path = LRRoomViewController.m; sourceTree = "<group>"; };
		902B51EB2261BCFD000EC701 /* UIViewController+LRAlert.h */ = {isa = PBXFileReference; lastKnownFileType = sourcecode.c.h; path = "UIViewController+LRAlert.h"; sourceTree = "<group>"; };
		902B51EC2261BCFD000EC701 /* UIViewController+LRAlert.m */ = {isa = PBXFileReference; lastKnownFileType = sourcecode.c.objc; path = "UIViewController+LRAlert.m"; sourceTree = "<group>"; };
		90445CAC225CD03300917B64 /* LRChatroomMembersModel.h */ = {isa = PBXFileReference; fileEncoding = 4; lastKnownFileType = sourcecode.c.h; path = LRChatroomMembersModel.h; sourceTree = "<group>"; };
		90445CAD225CD03300917B64 /* LRChatroomMembersModel.m */ = {isa = PBXFileReference; fileEncoding = 4; lastKnownFileType = sourcecode.c.objc; path = LRChatroomMembersModel.m; sourceTree = "<group>"; };
		9058DF8F2258D7A900699AB2 /* LRChatViewController.h */ = {isa = PBXFileReference; lastKnownFileType = sourcecode.c.h; path = LRChatViewController.h; sourceTree = "<group>"; };
		9058DF902258D7A900699AB2 /* LRChatViewController.m */ = {isa = PBXFileReference; lastKnownFileType = sourcecode.c.objc; path = LRChatViewController.m; sourceTree = "<group>"; };
		9058DF922258D8EE00699AB2 /* LRVoiceRoomTabbar.h */ = {isa = PBXFileReference; lastKnownFileType = sourcecode.c.h; path = LRVoiceRoomTabbar.h; sourceTree = "<group>"; };
		9058DF932258D8EE00699AB2 /* LRVoiceRoomTabbar.m */ = {isa = PBXFileReference; lastKnownFileType = sourcecode.c.objc; path = LRVoiceRoomTabbar.m; sourceTree = "<group>"; };
		90600128225DA55600CD8BAA /* LRVolumeView.h */ = {isa = PBXFileReference; fileEncoding = 4; lastKnownFileType = sourcecode.c.h; path = LRVolumeView.h; sourceTree = "<group>"; };
		90600129225DA55600CD8BAA /* LRVoiceRoomHeader.m */ = {isa = PBXFileReference; fileEncoding = 4; lastKnownFileType = sourcecode.c.objc; path = LRVoiceRoomHeader.m; sourceTree = "<group>"; };
		9060012A225DA55600CD8BAA /* LRChatroomMembersCell.h */ = {isa = PBXFileReference; fileEncoding = 4; lastKnownFileType = sourcecode.c.h; path = LRChatroomMembersCell.h; sourceTree = "<group>"; };
		9060012B225DA55600CD8BAA /* LRSpeakerTypeView.h */ = {isa = PBXFileReference; fileEncoding = 4; lastKnownFileType = sourcecode.c.h; path = LRSpeakerTypeView.h; sourceTree = "<group>"; };
		9060012C225DA55600CD8BAA /* LRVolumeView.m */ = {isa = PBXFileReference; fileEncoding = 4; lastKnownFileType = sourcecode.c.objc; path = LRVolumeView.m; sourceTree = "<group>"; };
		9060012E225DA55600CD8BAA /* LRVoiceRoomHeader.h */ = {isa = PBXFileReference; fileEncoding = 4; lastKnownFileType = sourcecode.c.h; path = LRVoiceRoomHeader.h; sourceTree = "<group>"; };
		9060012F225DA55600CD8BAA /* LRChatroomMembersCell.m */ = {isa = PBXFileReference; fileEncoding = 4; lastKnownFileType = sourcecode.c.objc; path = LRChatroomMembersCell.m; sourceTree = "<group>"; };
		90600130225DA55600CD8BAA /* LRSpeakerTypeView.m */ = {isa = PBXFileReference; fileEncoding = 4; lastKnownFileType = sourcecode.c.objc; path = LRSpeakerTypeView.m; sourceTree = "<group>"; };
		9060013C225EE35B00CD8BAA /* LRChatHelper.m */ = {isa = PBXFileReference; fileEncoding = 4; lastKnownFileType = sourcecode.c.objc; path = LRChatHelper.m; sourceTree = "<group>"; };
		9060013D225EE35B00CD8BAA /* LRChatHelper.h */ = {isa = PBXFileReference; fileEncoding = 4; lastKnownFileType = sourcecode.c.h; path = LRChatHelper.h; sourceTree = "<group>"; };
		9060013F225EE38B00CD8BAA /* LRSpeakHelper.h */ = {isa = PBXFileReference; lastKnownFileType = sourcecode.c.h; path = LRSpeakHelper.h; sourceTree = "<group>"; };
		90600140225EE38B00CD8BAA /* LRSpeakHelper.m */ = {isa = PBXFileReference; lastKnownFileType = sourcecode.c.objc; path = LRSpeakHelper.m; sourceTree = "<group>"; };
		9083DC89225603E70099C5BD /* LRSpeakViewController.h */ = {isa = PBXFileReference; lastKnownFileType = sourcecode.c.h; path = LRSpeakViewController.h; sourceTree = "<group>"; };
		9083DC8A225603E70099C5BD /* LRSpeakViewController.m */ = {isa = PBXFileReference; lastKnownFileType = sourcecode.c.objc; path = LRSpeakViewController.m; sourceTree = "<group>"; };
		9083DC8D225606B10099C5BD /* LRGCDMulticastDelegate.h */ = {isa = PBXFileReference; fileEncoding = 4; lastKnownFileType = sourcecode.c.h; path = LRGCDMulticastDelegate.h; sourceTree = "<group>"; };
		9083DC8E225606B10099C5BD /* LRGCDMulticastDelegate.m */ = {isa = PBXFileReference; fileEncoding = 4; lastKnownFileType = sourcecode.c.objc; path = LRGCDMulticastDelegate.m; sourceTree = "<group>"; };
		90F2C6682254C02A00A712B8 /* liveroom.app */ = {isa = PBXFileReference; explicitFileType = wrapper.application; includeInIndex = 0; path = liveroom.app; sourceTree = BUILT_PRODUCTS_DIR; };
		90F2C6722254C02A00A712B8 /* Base */ = {isa = PBXFileReference; lastKnownFileType = file.storyboard; name = Base; path = Base.lproj/Main.storyboard; sourceTree = "<group>"; };
		90F2C6742254C02B00A712B8 /* Assets.xcassets */ = {isa = PBXFileReference; lastKnownFileType = folder.assetcatalog; path = Assets.xcassets; sourceTree = "<group>"; };
		90F2C6772254C02B00A712B8 /* Base */ = {isa = PBXFileReference; lastKnownFileType = file.storyboard; name = Base; path = Base.lproj/LaunchScreen.storyboard; sourceTree = "<group>"; };
		90F2C6792254C02B00A712B8 /* Info.plist */ = {isa = PBXFileReference; lastKnownFileType = text.plist.xml; path = Info.plist; sourceTree = "<group>"; };
		90F2C67A2254C02B00A712B8 /* main.m */ = {isa = PBXFileReference; lastKnownFileType = sourcecode.c.objc; path = main.m; sourceTree = "<group>"; };
		90F2C6822254C08600A712B8 /* LRNotifiersDefine.h */ = {isa = PBXFileReference; fileEncoding = 4; lastKnownFileType = sourcecode.c.h; path = LRNotifiersDefine.h; sourceTree = "<group>"; };
		90F2C6842254C08600A712B8 /* LRMainViewController.h */ = {isa = PBXFileReference; fileEncoding = 4; lastKnownFileType = sourcecode.c.h; path = LRMainViewController.h; sourceTree = "<group>"; };
		90F2C6852254C08600A712B8 /* LRMainViewController.m */ = {isa = PBXFileReference; fileEncoding = 4; lastKnownFileType = sourcecode.c.objc; path = LRMainViewController.m; sourceTree = "<group>"; };
		90F2C68E2254C08600A712B8 /* TCDefine.h */ = {isa = PBXFileReference; fileEncoding = 4; lastKnownFileType = sourcecode.c.h; path = TCDefine.h; sourceTree = "<group>"; };
		90F2C68F2254C08600A712B8 /* AppDelegate.h */ = {isa = PBXFileReference; fileEncoding = 4; lastKnownFileType = sourcecode.c.h; path = AppDelegate.h; sourceTree = "<group>"; };
		90F2C6912254C08600A712B8 /* UIView+LRCategory.h */ = {isa = PBXFileReference; fileEncoding = 4; lastKnownFileType = sourcecode.c.h; path = "UIView+LRCategory.h"; sourceTree = "<group>"; };
		90F2C6922254C08600A712B8 /* UIView+LRCategory.m */ = {isa = PBXFileReference; fileEncoding = 4; lastKnownFileType = sourcecode.c.objc; path = "UIView+LRCategory.m"; sourceTree = "<group>"; };
		90F2C6952254C08600A712B8 /* LRLogManager.m */ = {isa = PBXFileReference; fileEncoding = 4; lastKnownFileType = sourcecode.c.objc; path = LRLogManager.m; sourceTree = "<group>"; };
		90F2C6962254C08600A712B8 /* LRLogManager.h */ = {isa = PBXFileReference; fileEncoding = 4; lastKnownFileType = sourcecode.c.h; path = LRLogManager.h; sourceTree = "<group>"; };
		90F2C6982254C08600A712B8 /* LRRoomListViewController.h */ = {isa = PBXFileReference; fileEncoding = 4; lastKnownFileType = sourcecode.c.h; path = LRRoomListViewController.h; sourceTree = "<group>"; };
		90F2C69A2254C08600A712B8 /* LRRoomModel.m */ = {isa = PBXFileReference; fileEncoding = 4; lastKnownFileType = sourcecode.c.objc; path = LRRoomModel.m; sourceTree = "<group>"; };
		90F2C69B2254C08600A712B8 /* LRRoomModel.h */ = {isa = PBXFileReference; fileEncoding = 4; lastKnownFileType = sourcecode.c.h; path = LRRoomModel.h; sourceTree = "<group>"; };
		90F2C69D2254C08600A712B8 /* LRVoiceChatRoomListCell.h */ = {isa = PBXFileReference; fileEncoding = 4; lastKnownFileType = sourcecode.c.h; path = LRVoiceChatRoomListCell.h; sourceTree = "<group>"; };
		90F2C6A12254C08600A712B8 /* LRVoiceChatRoomListCell.m */ = {isa = PBXFileReference; fileEncoding = 4; lastKnownFileType = sourcecode.c.objc; path = LRVoiceChatRoomListCell.m; sourceTree = "<group>"; };
		90F2C6A22254C08600A712B8 /* LRRoomListViewController.m */ = {isa = PBXFileReference; fileEncoding = 4; lastKnownFileType = sourcecode.c.objc; path = LRRoomListViewController.m; sourceTree = "<group>"; };
		90F2C6A32254C08600A712B8 /* Headers.h */ = {isa = PBXFileReference; fileEncoding = 4; lastKnownFileType = sourcecode.c.h; path = Headers.h; sourceTree = "<group>"; };
		90F2C6A82254C08600A712B8 /* AppDelegate.m */ = {isa = PBXFileReference; fileEncoding = 4; lastKnownFileType = sourcecode.c.objc; path = AppDelegate.m; sourceTree = "<group>"; };
		90F2C6AA2254C08600A712B8 /* LRLoginViewController.xib */ = {isa = PBXFileReference; fileEncoding = 4; lastKnownFileType = file.xib; path = LRLoginViewController.xib; sourceTree = "<group>"; };
		90F2C6AB2254C08600A712B8 /* LRLoginViewController.m */ = {isa = PBXFileReference; fileEncoding = 4; lastKnownFileType = sourcecode.c.objc; path = LRLoginViewController.m; sourceTree = "<group>"; };
		90F2C6B02254C08600A712B8 /* LRLoginViewController.h */ = {isa = PBXFileReference; fileEncoding = 4; lastKnownFileType = sourcecode.c.h; path = LRLoginViewController.h; sourceTree = "<group>"; };
		90F2C6B22254C08600A712B8 /* LRSettingViewController.m */ = {isa = PBXFileReference; fileEncoding = 4; lastKnownFileType = sourcecode.c.objc; path = LRSettingViewController.m; sourceTree = "<group>"; };
		90F2C6B42254C08600A712B8 /* LRSettingViewController.h */ = {isa = PBXFileReference; fileEncoding = 4; lastKnownFileType = sourcecode.c.h; path = LRSettingViewController.h; sourceTree = "<group>"; };
		90F2C6B72254C08600A712B8 /* LRAlertController.h */ = {isa = PBXFileReference; fileEncoding = 4; lastKnownFileType = sourcecode.c.h; path = LRAlertController.h; sourceTree = "<group>"; };
		90F2C6BC2254C08600A712B8 /* LRAlertController.m */ = {isa = PBXFileReference; fileEncoding = 4; lastKnownFileType = sourcecode.c.objc; path = LRAlertController.m; sourceTree = "<group>"; };
		90F2C6BD2254C08600A712B8 /* LRAlertController.xib */ = {isa = PBXFileReference; fileEncoding = 4; lastKnownFileType = file.xib; path = LRAlertController.xib; sourceTree = "<group>"; };
		90F2C6F32254C09400A712B8 /* add@2x.png */ = {isa = PBXFileReference; lastKnownFileType = image.png; path = "add@2x.png"; sourceTree = "<group>"; };
		9129ABF1877E591B4D2B7E4D /* Pods-liveroom.release.xcconfig */ = {isa = PBXFileReference; includeInIndex = 1; lastKnownFileType = text.xcconfig; name = "Pods-liveroom.release.xcconfig"; path = "Pods/Target Support Files/Pods-liveroom/Pods-liveroom.release.xcconfig"; sourceTree = "<group>"; };
		E04712C22259A77C00F9910C /* LRSearchBar.m */ = {isa = PBXFileReference; fileEncoding = 4; lastKnownFileType = sourcecode.c.objc; path = LRSearchBar.m; sourceTree = "<group>"; };
		E04712C32259A77C00F9910C /* LRRealtimeSearch.h */ = {isa = PBXFileReference; fileEncoding = 4; lastKnownFileType = sourcecode.c.h; path = LRRealtimeSearch.h; sourceTree = "<group>"; };
		E04712C42259A77C00F9910C /* LRSearchBar.h */ = {isa = PBXFileReference; fileEncoding = 4; lastKnownFileType = sourcecode.c.h; path = LRSearchBar.h; sourceTree = "<group>"; };
		E04712C52259A77C00F9910C /* LRRealtimeSearch.m */ = {isa = PBXFileReference; fileEncoding = 4; lastKnownFileType = sourcecode.c.objc; path = LRRealtimeSearch.m; sourceTree = "<group>"; };
		E04712CB2259B3F600F9910C /* LRSettingTableViewCell.m */ = {isa = PBXFileReference; fileEncoding = 4; lastKnownFileType = sourcecode.c.objc; path = LRSettingTableViewCell.m; sourceTree = "<group>"; };
		E04712CC2259B3F600F9910C /* LRSettingTableViewCell.h */ = {isa = PBXFileReference; fileEncoding = 4; lastKnownFileType = sourcecode.c.h; path = LRSettingTableViewCell.h; sourceTree = "<group>"; };
		E04712D12259D20900F9910C /* LRSettingSwitch.h */ = {isa = PBXFileReference; lastKnownFileType = sourcecode.c.h; path = LRSettingSwitch.h; sourceTree = "<group>"; };
		E04712D22259D20900F9910C /* LRSettingSwitch.m */ = {isa = PBXFileReference; lastKnownFileType = sourcecode.c.objc; path = LRSettingSwitch.m; sourceTree = "<group>"; };
		E04712D5225B61F000F9910C /* LRTabBar.h */ = {isa = PBXFileReference; fileEncoding = 4; lastKnownFileType = sourcecode.c.h; path = LRTabBar.h; sourceTree = "<group>"; };
		E04712D6225B61F000F9910C /* LRTabBar.m */ = {isa = PBXFileReference; fileEncoding = 4; lastKnownFileType = sourcecode.c.objc; path = LRTabBar.m; sourceTree = "<group>"; };
		E04712D9225C503400F9910C /* LRRoomInfoViewController.h */ = {isa = PBXFileReference; lastKnownFileType = sourcecode.c.h; path = LRRoomInfoViewController.h; sourceTree = "<group>"; };
		E04712DA225C503400F9910C /* LRRoomInfoViewController.m */ = {isa = PBXFileReference; lastKnownFileType = sourcecode.c.objc; path = LRRoomInfoViewController.m; sourceTree = "<group>"; };
		E04712DE225C8CEF00F9910C /* find@2x.png */ = {isa = PBXFileReference; lastKnownFileType = image.png; path = "find@2x.png"; sourceTree = "<group>"; };
		E04712E0225C907600F9910C /* LRFindView.h */ = {isa = PBXFileReference; lastKnownFileType = sourcecode.c.h; path = LRFindView.h; sourceTree = "<group>"; };
		E04712E1225C907600F9910C /* LRFindView.m */ = {isa = PBXFileReference; lastKnownFileType = sourcecode.c.objc; path = LRFindView.m; sourceTree = "<group>"; };
		E04712EE225DEEB600F9910C /* LRVolumeView.h */ = {isa = PBXFileReference; fileEncoding = 4; lastKnownFileType = sourcecode.c.h; path = LRVolumeView.h; sourceTree = "<group>"; };
		E04712EF225DEEB600F9910C /* LRVolumeView.m */ = {isa = PBXFileReference; fileEncoding = 4; lastKnownFileType = sourcecode.c.objc; path = LRVolumeView.m; sourceTree = "<group>"; };
		E04712F6225F1A5900F9910C /* LRRequestManager.m */ = {isa = PBXFileReference; fileEncoding = 4; lastKnownFileType = sourcecode.c.objc; path = LRRequestManager.m; sourceTree = "<group>"; };
		E04712F7225F1A5900F9910C /* LRRequestManager.h */ = {isa = PBXFileReference; fileEncoding = 4; lastKnownFileType = sourcecode.c.h; path = LRRequestManager.h; sourceTree = "<group>"; };
		E04712FC22602FC800F9910C /* LRCreateRoomViewController.h */ = {isa = PBXFileReference; lastKnownFileType = sourcecode.c.h; path = LRCreateRoomViewController.h; sourceTree = "<group>"; };
		E04712FD22602FC800F9910C /* LRCreateRoomViewController.m */ = {isa = PBXFileReference; lastKnownFileType = sourcecode.c.objc; path = LRCreateRoomViewController.m; sourceTree = "<group>"; };
		E04712FF22606E7900F9910C /* delete_input@2x.png */ = {isa = PBXFileReference; lastKnownFileType = image.png; path = "delete_input@2x.png"; sourceTree = "<group>"; };
		E0780C8F226DB9F3008CF34E /* search-material@2x.png */ = {isa = PBXFileReference; lastKnownFileType = image.png; path = "search-material@2x.png"; sourceTree = "<group>"; };
		E0780C90226DB9F3008CF34E /* search-material@3x.png */ = {isa = PBXFileReference; lastKnownFileType = image.png; path = "search-material@3x.png"; sourceTree = "<group>"; };
		E096BE5D22641FB7007908BB /* LRRoomOptions.h */ = {isa = PBXFileReference; lastKnownFileType = sourcecode.c.h; path = LRRoomOptions.h; sourceTree = "<group>"; };
		E096BE5E22641FB7007908BB /* LRRoomOptions.m */ = {isa = PBXFileReference; lastKnownFileType = sourcecode.c.objc; path = LRRoomOptions.m; sourceTree = "<group>"; };
		E096C5E32269B77D007908BB /* Hyphenate.framework */ = {isa = PBXFileReference; lastKnownFileType = wrapper.framework; path = Hyphenate.framework; sourceTree = "<group>"; };
		E0A7E6F5226D802400AE6C6F /* close2@3x.png */ = {isa = PBXFileReference; lastKnownFileType = image.png; path = "close2@3x.png"; sourceTree = "<group>"; };
		E0A7E6F6226D802400AE6C6F /* creat@2x.png */ = {isa = PBXFileReference; lastKnownFileType = image.png; path = "creat@2x.png"; sourceTree = "<group>"; };
		E0A7E6F7226D802400AE6C6F /* creat@3x.png */ = {isa = PBXFileReference; lastKnownFileType = image.png; path = "creat@3x.png"; sourceTree = "<group>"; };
		E0A7E6F8226D802400AE6C6F /* close2@2x.png */ = {isa = PBXFileReference; lastKnownFileType = image.png; path = "close2@2x.png"; sourceTree = "<group>"; };
/* End PBXFileReference section */

/* Begin PBXFrameworksBuildPhase section */
		90F2C6652254C02A00A712B8 /* Frameworks */ = {
			isa = PBXFrameworksBuildPhase;
			buildActionMask = 2147483647;
			files = (
				2D14E168672B7F54AE7ABA60 /* libPods-liveroom.a in Frameworks */,
				E096C5E72269BE88007908BB /* Hyphenate.framework in Frameworks */,
				E096C5E42269B77D007908BB /* Hyphenate.framework in Frameworks */,
			);
			runOnlyForDeploymentPostprocessing = 0;
		};
/* End PBXFrameworksBuildPhase section */

/* Begin PBXGroup section */
		8A492E73331EE2825162353A /* Frameworks */ = {
			isa = PBXGroup;
			children = (
				789E70471AB662ABBFC025F0 /* libPods-liveroom.a */,
			);
			name = Frameworks;
			sourceTree = "<group>";
		};
		901A54D72254CA7500F00186 /* RoomViewController */ = {
			isa = PBXGroup;
			children = (
				90600126225DA55600CD8BAA /* Views */,
				90445CAB225CD03300917B64 /* Model */,
				9083DC89225603E70099C5BD /* LRSpeakViewController.h */,
				9083DC8A225603E70099C5BD /* LRSpeakViewController.m */,
				9058DF8F2258D7A900699AB2 /* LRChatViewController.h */,
				9058DF902258D7A900699AB2 /* LRChatViewController.m */,
				E04712DE225C8CEF00F9910C /* find@2x.png */,
				901A54D82254CA9700F00186 /* LRRoomViewController.h */,
				901A54D92254CA9700F00186 /* LRRoomViewController.m */,
				E04712D9225C503400F9910C /* LRRoomInfoViewController.h */,
				E04712DA225C503400F9910C /* LRRoomInfoViewController.m */,
			);
			path = RoomViewController;
			sourceTree = "<group>";
		};
		90445CAB225CD03300917B64 /* Model */ = {
			isa = PBXGroup;
			children = (
				90445CAC225CD03300917B64 /* LRChatroomMembersModel.h */,
				90445CAD225CD03300917B64 /* LRChatroomMembersModel.m */,
			);
			path = Model;
			sourceTree = "<group>";
		};
		90600126225DA55600CD8BAA /* Views */ = {
			isa = PBXGroup;
			children = (
				9058DF922258D8EE00699AB2 /* LRVoiceRoomTabbar.h */,
				9058DF932258D8EE00699AB2 /* LRVoiceRoomTabbar.m */,
				E04712EE225DEEB600F9910C /* LRVolumeView.h */,
				E04712EF225DEEB600F9910C /* LRVolumeView.m */,
				90600128225DA55600CD8BAA /* LRVolumeView.h */,
				9060012C225DA55600CD8BAA /* LRVolumeView.m */,
				9060012E225DA55600CD8BAA /* LRVoiceRoomHeader.h */,
				90600129225DA55600CD8BAA /* LRVoiceRoomHeader.m */,
				9060012A225DA55600CD8BAA /* LRChatroomMembersCell.h */,
				9060012F225DA55600CD8BAA /* LRChatroomMembersCell.m */,
				9060012B225DA55600CD8BAA /* LRSpeakerTypeView.h */,
				90600130225DA55600CD8BAA /* LRSpeakerTypeView.m */,
			);
			path = Views;
			sourceTree = "<group>";
		};
		9060013A225EE35B00CD8BAA /* LRSpeakHelper */ = {
			isa = PBXGroup;
			children = (
				9060013F225EE38B00CD8BAA /* LRSpeakHelper.h */,
				90600140225EE38B00CD8BAA /* LRSpeakHelper.m */,
			);
			path = LRSpeakHelper;
			sourceTree = "<group>";
		};
		9060013B225EE35B00CD8BAA /* LRChatHelper */ = {
			isa = PBXGroup;
			children = (
				9060013D225EE35B00CD8BAA /* LRChatHelper.h */,
				9060013C225EE35B00CD8BAA /* LRChatHelper.m */,
			);
			path = LRChatHelper;
			sourceTree = "<group>";
		};
		9083DC8C225606B10099C5BD /* LRGCDMulticastDelegate */ = {
			isa = PBXGroup;
			children = (
				9083DC8D225606B10099C5BD /* LRGCDMulticastDelegate.h */,
				9083DC8E225606B10099C5BD /* LRGCDMulticastDelegate.m */,
			);
			path = LRGCDMulticastDelegate;
			sourceTree = "<group>";
		};
		90F2C65F2254C02A00A712B8 = {
			isa = PBXGroup;
			children = (
				90F2C66A2254C02A00A712B8 /* liveroom */,
				90F2C6692254C02A00A712B8 /* Products */,
				B9C7747847F2506381338B9D /* Pods */,
				8A492E73331EE2825162353A /* Frameworks */,
			);
			sourceTree = "<group>";
		};
		90F2C6692254C02A00A712B8 /* Products */ = {
			isa = PBXGroup;
			children = (
				90F2C6682254C02A00A712B8 /* liveroom.app */,
			);
			name = Products;
			sourceTree = "<group>";
		};
		90F2C66A2254C02A00A712B8 /* liveroom */ = {
			isa = PBXGroup;
			children = (
				E096C5E32269B77D007908BB /* Hyphenate.framework */,
				90F2C68E2254C08600A712B8 /* TCDefine.h */,
				90F2C6A32254C08600A712B8 /* Headers.h */,
				90F2C6822254C08600A712B8 /* LRNotifiersDefine.h */,
				90F2C68F2254C08600A712B8 /* AppDelegate.h */,
				90F2C6A82254C08600A712B8 /* AppDelegate.m */,
				90F2C6F22254C09400A712B8 /* Resources */,
				90F2C6812254C08600A712B8 /* Classes */,
				90F2C6712254C02A00A712B8 /* Main.storyboard */,
				90F2C6742254C02B00A712B8 /* Assets.xcassets */,
				90F2C6762254C02B00A712B8 /* LaunchScreen.storyboard */,
				90F2C6792254C02B00A712B8 /* Info.plist */,
				90F2C67A2254C02B00A712B8 /* main.m */,
			);
			path = liveroom;
			sourceTree = "<group>";
		};
		90F2C6812254C08600A712B8 /* Classes */ = {
			isa = PBXGroup;
			children = (
				901A54D72254CA7500F00186 /* RoomViewController */,
				90F2C6832254C08600A712B8 /* Home */,
				90F2C6902254C08600A712B8 /* Category */,
				90F2C6932254C08600A712B8 /* Util */,
				90F2C6972254C08600A712B8 /* RoomList */,
				90F2C6A42254C08600A712B8 /* CreateRoom */,
				90F2C6A92254C08600A712B8 /* Account */,
				90F2C6B12254C08600A712B8 /* Setting */,
				90F2C6B52254C08600A712B8 /* Custom */,
				90F2C6C02254C08600A712B8 /* Helper */,
			);
			path = Classes;
			sourceTree = "<group>";
		};
		90F2C6832254C08600A712B8 /* Home */ = {
			isa = PBXGroup;
			children = (
				90F2C6842254C08600A712B8 /* LRMainViewController.h */,
				90F2C6852254C08600A712B8 /* LRMainViewController.m */,
				E04712D4225B61EF00F9910C /* Views */,
			);
			path = Home;
			sourceTree = "<group>";
		};
		90F2C6902254C08600A712B8 /* Category */ = {
			isa = PBXGroup;
			children = (
				90F2C6912254C08600A712B8 /* UIView+LRCategory.h */,
				90F2C6922254C08600A712B8 /* UIView+LRCategory.m */,
				902B51EB2261BCFD000EC701 /* UIViewController+LRAlert.h */,
				902B51EC2261BCFD000EC701 /* UIViewController+LRAlert.m */,
			);
			path = Category;
			sourceTree = "<group>";
		};
		90F2C6932254C08600A712B8 /* Util */ = {
			isa = PBXGroup;
			children = (
				90F2C6942254C08600A712B8 /* Log */,
			);
			path = Util;
			sourceTree = "<group>";
		};
		90F2C6942254C08600A712B8 /* Log */ = {
			isa = PBXGroup;
			children = (
				90F2C6962254C08600A712B8 /* LRLogManager.h */,
				90F2C6952254C08600A712B8 /* LRLogManager.m */,
			);
			path = Log;
			sourceTree = "<group>";
		};
		90F2C6972254C08600A712B8 /* RoomList */ = {
			isa = PBXGroup;
			children = (
				90F2C6982254C08600A712B8 /* LRRoomListViewController.h */,
				90F2C6A22254C08600A712B8 /* LRRoomListViewController.m */,
				90F2C6992254C08600A712B8 /* Model */,
				90F2C69C2254C08600A712B8 /* Views */,
			);
			path = RoomList;
			sourceTree = "<group>";
		};
		90F2C6992254C08600A712B8 /* Model */ = {
			isa = PBXGroup;
			children = (
				90F2C69B2254C08600A712B8 /* LRRoomModel.h */,
				90F2C69A2254C08600A712B8 /* LRRoomModel.m */,
			);
			path = Model;
			sourceTree = "<group>";
		};
		90F2C69C2254C08600A712B8 /* Views */ = {
			isa = PBXGroup;
			children = (
				90F2C69D2254C08600A712B8 /* LRVoiceChatRoomListCell.h */,
				90F2C6A12254C08600A712B8 /* LRVoiceChatRoomListCell.m */,
			);
			path = Views;
			sourceTree = "<group>";
		};
		90F2C6A42254C08600A712B8 /* CreateRoom */ = {
			isa = PBXGroup;
			children = (
				E04712FC22602FC800F9910C /* LRCreateRoomViewController.h */,
				E04712FD22602FC800F9910C /* LRCreateRoomViewController.m */,
			);
			path = CreateRoom;
			sourceTree = "<group>";
		};
		90F2C6A92254C08600A712B8 /* Account */ = {
			isa = PBXGroup;
			children = (
				90F2C6B02254C08600A712B8 /* LRLoginViewController.h */,
				90F2C6AB2254C08600A712B8 /* LRLoginViewController.m */,
				90F2C6AA2254C08600A712B8 /* LRLoginViewController.xib */,
			);
			path = Account;
			sourceTree = "<group>";
		};
		90F2C6B12254C08600A712B8 /* Setting */ = {
			isa = PBXGroup;
			children = (
				90F2C6B42254C08600A712B8 /* LRSettingViewController.h */,
				90F2C6B22254C08600A712B8 /* LRSettingViewController.m */,
				E04712CA2259B3F600F9910C /* Views */,
			);
			path = Setting;
			sourceTree = "<group>";
		};
		90F2C6B52254C08600A712B8 /* Custom */ = {
			isa = PBXGroup;
			children = (
				9083DC8C225606B10099C5BD /* LRGCDMulticastDelegate */,
				E04712C12259A77C00F9910C /* LRSearchBar */,
				90F2C6B62254C08600A712B8 /* LRAlertController */,
			);
			path = Custom;
			sourceTree = "<group>";
		};
		90F2C6B62254C08600A712B8 /* LRAlertController */ = {
			isa = PBXGroup;
			children = (
				90F2C6B72254C08600A712B8 /* LRAlertController.h */,
				90F2C6BC2254C08600A712B8 /* LRAlertController.m */,
				90F2C6BD2254C08600A712B8 /* LRAlertController.xib */,
			);
			path = LRAlertController;
			sourceTree = "<group>";
		};
		90F2C6C02254C08600A712B8 /* Helper */ = {
			isa = PBXGroup;
			children = (
				E096BE5C22641F50007908BB /* LRRoomOptions */,
				9060013B225EE35B00CD8BAA /* LRChatHelper */,
				9060013A225EE35B00CD8BAA /* LRSpeakHelper */,
				E04712F2225EDAD900F9910C /* LRNetWorking */,
			);
			path = Helper;
			sourceTree = "<group>";
		};
		90F2C6F22254C09400A712B8 /* Resources */ = {
			isa = PBXGroup;
			children = (
				E0780C8F226DB9F3008CF34E /* search-material@2x.png */,
				E0780C90226DB9F3008CF34E /* search-material@3x.png */,
				E0A7E6F8226D802400AE6C6F /* close2@2x.png */,
				E0A7E6F5226D802400AE6C6F /* close2@3x.png */,
				E0A7E6F6226D802400AE6C6F /* creat@2x.png */,
				E0A7E6F7226D802400AE6C6F /* creat@3x.png */,
				E04712FF22606E7900F9910C /* delete_input@2x.png */,
				90F2C6F32254C09400A712B8 /* add@2x.png */,
			);
			path = Resources;
			sourceTree = "<group>";
		};
		B9C7747847F2506381338B9D /* Pods */ = {
			isa = PBXGroup;
			children = (
				2BA6ADC8633F347AD7C7963A /* Pods-liveroom.debug.xcconfig */,
				9129ABF1877E591B4D2B7E4D /* Pods-liveroom.release.xcconfig */,
			);
			name = Pods;
			sourceTree = "<group>";
		};
		E04712C12259A77C00F9910C /* LRSearchBar */ = {
			isa = PBXGroup;
			children = (
				E04712C42259A77C00F9910C /* LRSearchBar.h */,
				E04712C22259A77C00F9910C /* LRSearchBar.m */,
				E04712C32259A77C00F9910C /* LRRealtimeSearch.h */,
				E04712C52259A77C00F9910C /* LRRealtimeSearch.m */,
				E04712E0225C907600F9910C /* LRFindView.h */,
				E04712E1225C907600F9910C /* LRFindView.m */,
			);
			path = LRSearchBar;
			sourceTree = "<group>";
		};
		E04712CA2259B3F600F9910C /* Views */ = {
			isa = PBXGroup;
			children = (
				E04712CC2259B3F600F9910C /* LRSettingTableViewCell.h */,
				E04712CB2259B3F600F9910C /* LRSettingTableViewCell.m */,
				E04712D12259D20900F9910C /* LRSettingSwitch.h */,
				E04712D22259D20900F9910C /* LRSettingSwitch.m */,
			);
			path = Views;
			sourceTree = "<group>";
		};
		E04712D4225B61EF00F9910C /* Views */ = {
			isa = PBXGroup;
			children = (
				E04712D5225B61F000F9910C /* LRTabBar.h */,
				E04712D6225B61F000F9910C /* LRTabBar.m */,
			);
			path = Views;
			sourceTree = "<group>";
		};
		E04712F2225EDAD900F9910C /* LRNetWorking */ = {
			isa = PBXGroup;
			children = (
				E04712F7225F1A5900F9910C /* LRRequestManager.h */,
				E04712F6225F1A5900F9910C /* LRRequestManager.m */,
			);
			path = LRNetWorking;
			sourceTree = "<group>";
		};
		E096BE5C22641F50007908BB /* LRRoomOptions */ = {
			isa = PBXGroup;
			children = (
				E096BE5D22641FB7007908BB /* LRRoomOptions.h */,
				E096BE5E22641FB7007908BB /* LRRoomOptions.m */,
			);
			path = LRRoomOptions;
			sourceTree = "<group>";
		};
/* End PBXGroup section */

/* Begin PBXNativeTarget section */
		90F2C6672254C02A00A712B8 /* liveroom */ = {
			isa = PBXNativeTarget;
			buildConfigurationList = 90F2C67E2254C02B00A712B8 /* Build configuration list for PBXNativeTarget "liveroom" */;
			buildPhases = (
				B68E15B3F5D8F640D398D453 /* [CP] Check Pods Manifest.lock */,
				90F2C6642254C02A00A712B8 /* Sources */,
				90F2C6652254C02A00A712B8 /* Frameworks */,
				90F2C6662254C02A00A712B8 /* Resources */,
				E5A84395069200D90DDF58CB /* [CP] Copy Pods Resources */,
				90986BA622649737009A8FC7 /* Embed Frameworks */,
			);
			buildRules = (
			);
			dependencies = (
			);
			name = liveroom;
			productName = liveroom;
			productReference = 90F2C6682254C02A00A712B8 /* liveroom.app */;
			productType = "com.apple.product-type.application";
		};
/* End PBXNativeTarget section */

/* Begin PBXProject section */
		90F2C6602254C02A00A712B8 /* Project object */ = {
			isa = PBXProject;
			attributes = {
				CLASSPREFIX = LR;
				LastUpgradeCheck = 1010;
				ORGANIZATIONNAME = Easemob;
				TargetAttributes = {
					90F2C6672254C02A00A712B8 = {
						CreatedOnToolsVersion = 10.1;
					};
				};
			};
			buildConfigurationList = 90F2C6632254C02A00A712B8 /* Build configuration list for PBXProject "liveroom" */;
			compatibilityVersion = "Xcode 9.3";
			developmentRegion = en;
			hasScannedForEncodings = 0;
			knownRegions = (
				en,
				Base,
			);
			mainGroup = 90F2C65F2254C02A00A712B8;
			productRefGroup = 90F2C6692254C02A00A712B8 /* Products */;
			projectDirPath = "";
			projectRoot = "";
			targets = (
				90F2C6672254C02A00A712B8 /* liveroom */,
			);
		};
/* End PBXProject section */

/* Begin PBXResourcesBuildPhase section */
		90F2C6662254C02A00A712B8 /* Resources */ = {
			isa = PBXResourcesBuildPhase;
			buildActionMask = 2147483647;
			files = (
				E0780C92226DB9F3008CF34E /* search-material@3x.png in Resources */,
				E04712DF225C8CEF00F9910C /* find@2x.png in Resources */,
				E0A7E6F9226D802400AE6C6F /* close2@3x.png in Resources */,
				E0A7E6FB226D802400AE6C6F /* creat@3x.png in Resources */,
				E0780C91226DB9F3008CF34E /* search-material@2x.png in Resources */,
				90F2C6782254C02B00A712B8 /* LaunchScreen.storyboard in Resources */,
				E047130022606E7900F9910C /* delete_input@2x.png in Resources */,
				E0A7E6FA226D802400AE6C6F /* creat@2x.png in Resources */,
				90F2C6752254C02B00A712B8 /* Assets.xcassets in Resources */,
				90F2C6E82254C08600A712B8 /* LRAlertController.xib in Resources */,
				90F2C6732254C02A00A712B8 /* Main.storyboard in Resources */,
				90F2C6F42254C09400A712B8 /* add@2x.png in Resources */,
				E0A7E6FC226D802400AE6C6F /* close2@2x.png in Resources */,
				90F2C6DD2254C08600A712B8 /* LRLoginViewController.xib in Resources */,
			);
			runOnlyForDeploymentPostprocessing = 0;
		};
/* End PBXResourcesBuildPhase section */

/* Begin PBXShellScriptBuildPhase section */
		B68E15B3F5D8F640D398D453 /* [CP] Check Pods Manifest.lock */ = {
			isa = PBXShellScriptBuildPhase;
			buildActionMask = 2147483647;
			files = (
			);
			inputPaths = (
				"${PODS_PODFILE_DIR_PATH}/Podfile.lock",
				"${PODS_ROOT}/Manifest.lock",
			);
			name = "[CP] Check Pods Manifest.lock";
			outputPaths = (
				"$(DERIVED_FILE_DIR)/Pods-liveroom-checkManifestLockResult.txt",
			);
			runOnlyForDeploymentPostprocessing = 0;
			shellPath = /bin/sh;
			shellScript = "diff \"${PODS_PODFILE_DIR_PATH}/Podfile.lock\" \"${PODS_ROOT}/Manifest.lock\" > /dev/null\nif [ $? != 0 ] ; then\n    # print error to STDERR\n    echo \"error: The sandbox is not in sync with the Podfile.lock. Run 'pod install' or update your CocoaPods installation.\" >&2\n    exit 1\nfi\n# This output is used by Xcode 'outputs' to avoid re-running this script phase.\necho \"SUCCESS\" > \"${SCRIPT_OUTPUT_FILE_0}\"\n";
			showEnvVarsInLog = 0;
		};
		E5A84395069200D90DDF58CB /* [CP] Copy Pods Resources */ = {
			isa = PBXShellScriptBuildPhase;
			buildActionMask = 2147483647;
			files = (
			);
			inputPaths = (
				"${SRCROOT}/Pods/Target Support Files/Pods-liveroom/Pods-liveroom-resources.sh",
				"${PODS_ROOT}/MJRefresh/MJRefresh/MJRefresh.bundle",
			);
			name = "[CP] Copy Pods Resources";
			outputPaths = (
				"${TARGET_BUILD_DIR}/${UNLOCALIZED_RESOURCES_FOLDER_PATH}/MJRefresh.bundle",
			);
			runOnlyForDeploymentPostprocessing = 0;
			shellPath = /bin/sh;
			shellScript = "\"${SRCROOT}/Pods/Target Support Files/Pods-liveroom/Pods-liveroom-resources.sh\"\n";
			showEnvVarsInLog = 0;
		};
/* End PBXShellScriptBuildPhase section */

/* Begin PBXSourcesBuildPhase section */
		90F2C6642254C02A00A712B8 /* Sources */ = {
			isa = PBXSourcesBuildPhase;
			buildActionMask = 2147483647;
			files = (
				90600135225DA55600CD8BAA /* LRSpeakerTypeView.m in Sources */,
				90F2C6E72254C08600A712B8 /* LRAlertController.m in Sources */,
				90600131225DA55600CD8BAA /* LRVoiceRoomHeader.m in Sources */,
				90600132225DA55600CD8BAA /* LRVolumeView.m in Sources */,
				90445CB1225CD03300917B64 /* LRChatroomMembersModel.m in Sources */,
				E04712E2225C907600F9910C /* LRFindView.m in Sources */,
				901A54DA2254CA9700F00186 /* LRRoomViewController.m in Sources */,
				90F2C6D52254C08600A712B8 /* LRLogManager.m in Sources */,
				9058DF912258D7A900699AB2 /* LRChatViewController.m in Sources */,
				E04712F8225F1A5A00F9910C /* LRRequestManager.m in Sources */,
				90F2C6DE2254C08600A712B8 /* LRLoginViewController.m in Sources */,
				90F2C6D62254C08600A712B8 /* LRRoomModel.m in Sources */,
				9083DC8F225606B10099C5BD /* LRGCDMulticastDelegate.m in Sources */,
				90F2C6D12254C08600A712B8 /* LRMainViewController.m in Sources */,
				90F2C67B2254C02B00A712B8 /* main.m in Sources */,
				E04712FE22602FC800F9910C /* LRCreateRoomViewController.m in Sources */,
				9083DC8B225603E70099C5BD /* LRSpeakViewController.m in Sources */,
				E096BE5F22641FB7007908BB /* LRRoomOptions.m in Sources */,
				9058DF942258D8EE00699AB2 /* LRVoiceRoomTabbar.m in Sources */,
				90F2C6DE2254C08600A712B8 /* LRLoginViewController.m in Sources */,
				E04712F0225DEEB600F9910C /* LRVolumeView.m in Sources */,
				90600141225EE38B00CD8BAA /* LRSpeakHelper.m in Sources */,
				90F2C6D62254C08600A712B8 /* LRRoomModel.m in Sources */,
				E04712D32259D20900F9910C /* LRSettingSwitch.m in Sources */,
				90F2C6D12254C08600A712B8 /* LRMainViewController.m in Sources */,
				90F2C67B2254C02B00A712B8 /* main.m in Sources */,
				902B51ED2261BCFD000EC701 /* UIViewController+LRAlert.m in Sources */,
				90600134225DA55600CD8BAA /* LRChatroomMembersCell.m in Sources */,
				E04712D7225B61F000F9910C /* LRTabBar.m in Sources */,
				E04712C62259A77C00F9910C /* LRSearchBar.m in Sources */,
				E04712C72259A77C00F9910C /* LRRealtimeSearch.m in Sources */,
				90F2C6D82254C08600A712B8 /* LRVoiceChatRoomListCell.m in Sources */,
				90F2C6E12254C08600A712B8 /* LRSettingViewController.m in Sources */,
				90F2C6DC2254C08600A712B8 /* AppDelegate.m in Sources */,
				9060013E225EE35B00CD8BAA /* LRChatHelper.m in Sources */,
				E04712CD2259B3F600F9910C /* LRSettingTableViewCell.m in Sources */,
				90F2C6D92254C08600A712B8 /* LRRoomListViewController.m in Sources */,
				90F2C6D42254C08600A712B8 /* UIView+LRCategory.m in Sources */,
				E04712DB225C503400F9910C /* LRRoomInfoViewController.m in Sources */,
			);
			runOnlyForDeploymentPostprocessing = 0;
		};
/* End PBXSourcesBuildPhase section */

/* Begin PBXVariantGroup section */
		90F2C6712254C02A00A712B8 /* Main.storyboard */ = {
			isa = PBXVariantGroup;
			children = (
				90F2C6722254C02A00A712B8 /* Base */,
			);
			name = Main.storyboard;
			sourceTree = "<group>";
		};
		90F2C6762254C02B00A712B8 /* LaunchScreen.storyboard */ = {
			isa = PBXVariantGroup;
			children = (
				90F2C6772254C02B00A712B8 /* Base */,
			);
			name = LaunchScreen.storyboard;
			sourceTree = "<group>";
		};
/* End PBXVariantGroup section */

/* Begin XCBuildConfiguration section */
		90F2C67C2254C02B00A712B8 /* Debug */ = {
			isa = XCBuildConfiguration;
			buildSettings = {
				ALWAYS_SEARCH_USER_PATHS = NO;
				CLANG_ANALYZER_NONNULL = YES;
				CLANG_ANALYZER_NUMBER_OBJECT_CONVERSION = YES_AGGRESSIVE;
				CLANG_CXX_LANGUAGE_STANDARD = "gnu++14";
				CLANG_CXX_LIBRARY = "libc++";
				CLANG_ENABLE_MODULES = YES;
				CLANG_ENABLE_OBJC_ARC = YES;
				CLANG_ENABLE_OBJC_WEAK = YES;
				CLANG_WARN_BLOCK_CAPTURE_AUTORELEASING = YES;
				CLANG_WARN_BOOL_CONVERSION = YES;
				CLANG_WARN_COMMA = YES;
				CLANG_WARN_CONSTANT_CONVERSION = YES;
				CLANG_WARN_DEPRECATED_OBJC_IMPLEMENTATIONS = YES;
				CLANG_WARN_DIRECT_OBJC_ISA_USAGE = YES_ERROR;
				CLANG_WARN_DOCUMENTATION_COMMENTS = YES;
				CLANG_WARN_EMPTY_BODY = YES;
				CLANG_WARN_ENUM_CONVERSION = YES;
				CLANG_WARN_INFINITE_RECURSION = YES;
				CLANG_WARN_INT_CONVERSION = YES;
				CLANG_WARN_NON_LITERAL_NULL_CONVERSION = YES;
				CLANG_WARN_OBJC_IMPLICIT_RETAIN_SELF = YES;
				CLANG_WARN_OBJC_LITERAL_CONVERSION = YES;
				CLANG_WARN_OBJC_ROOT_CLASS = YES_ERROR;
				CLANG_WARN_RANGE_LOOP_ANALYSIS = YES;
				CLANG_WARN_STRICT_PROTOTYPES = YES;
				CLANG_WARN_SUSPICIOUS_MOVE = YES;
				CLANG_WARN_UNGUARDED_AVAILABILITY = YES_AGGRESSIVE;
				CLANG_WARN_UNREACHABLE_CODE = YES;
				CLANG_WARN__DUPLICATE_METHOD_MATCH = YES;
				CODE_SIGN_IDENTITY = "iPhone Developer";
				COPY_PHASE_STRIP = NO;
				DEBUG_INFORMATION_FORMAT = dwarf;
				ENABLE_STRICT_OBJC_MSGSEND = YES;
				ENABLE_TESTABILITY = YES;
				GCC_C_LANGUAGE_STANDARD = gnu11;
				GCC_DYNAMIC_NO_PIC = NO;
				GCC_NO_COMMON_BLOCKS = YES;
				GCC_OPTIMIZATION_LEVEL = 0;
				GCC_PREPROCESSOR_DEFINITIONS = (
					"DEBUG=1",
					"$(inherited)",
				);
				GCC_WARN_64_TO_32_BIT_CONVERSION = YES;
				GCC_WARN_ABOUT_RETURN_TYPE = YES_ERROR;
				GCC_WARN_UNDECLARED_SELECTOR = YES;
				GCC_WARN_UNINITIALIZED_AUTOS = YES_AGGRESSIVE;
				GCC_WARN_UNUSED_FUNCTION = YES;
				GCC_WARN_UNUSED_VARIABLE = YES;
				IPHONEOS_DEPLOYMENT_TARGET = 12.1;
				MTL_ENABLE_DEBUG_INFO = INCLUDE_SOURCE;
				MTL_FAST_MATH = YES;
				ONLY_ACTIVE_ARCH = YES;
				SDKROOT = iphoneos;
			};
			name = Debug;
		};
		90F2C67D2254C02B00A712B8 /* Release */ = {
			isa = XCBuildConfiguration;
			buildSettings = {
				ALWAYS_SEARCH_USER_PATHS = NO;
				CLANG_ANALYZER_NONNULL = YES;
				CLANG_ANALYZER_NUMBER_OBJECT_CONVERSION = YES_AGGRESSIVE;
				CLANG_CXX_LANGUAGE_STANDARD = "gnu++14";
				CLANG_CXX_LIBRARY = "libc++";
				CLANG_ENABLE_MODULES = YES;
				CLANG_ENABLE_OBJC_ARC = YES;
				CLANG_ENABLE_OBJC_WEAK = YES;
				CLANG_WARN_BLOCK_CAPTURE_AUTORELEASING = YES;
				CLANG_WARN_BOOL_CONVERSION = YES;
				CLANG_WARN_COMMA = YES;
				CLANG_WARN_CONSTANT_CONVERSION = YES;
				CLANG_WARN_DEPRECATED_OBJC_IMPLEMENTATIONS = YES;
				CLANG_WARN_DIRECT_OBJC_ISA_USAGE = YES_ERROR;
				CLANG_WARN_DOCUMENTATION_COMMENTS = YES;
				CLANG_WARN_EMPTY_BODY = YES;
				CLANG_WARN_ENUM_CONVERSION = YES;
				CLANG_WARN_INFINITE_RECURSION = YES;
				CLANG_WARN_INT_CONVERSION = YES;
				CLANG_WARN_NON_LITERAL_NULL_CONVERSION = YES;
				CLANG_WARN_OBJC_IMPLICIT_RETAIN_SELF = YES;
				CLANG_WARN_OBJC_LITERAL_CONVERSION = YES;
				CLANG_WARN_OBJC_ROOT_CLASS = YES_ERROR;
				CLANG_WARN_RANGE_LOOP_ANALYSIS = YES;
				CLANG_WARN_STRICT_PROTOTYPES = YES;
				CLANG_WARN_SUSPICIOUS_MOVE = YES;
				CLANG_WARN_UNGUARDED_AVAILABILITY = YES_AGGRESSIVE;
				CLANG_WARN_UNREACHABLE_CODE = YES;
				CLANG_WARN__DUPLICATE_METHOD_MATCH = YES;
				CODE_SIGN_IDENTITY = "iPhone Developer";
				COPY_PHASE_STRIP = NO;
				DEBUG_INFORMATION_FORMAT = "dwarf-with-dsym";
				ENABLE_NS_ASSERTIONS = NO;
				ENABLE_STRICT_OBJC_MSGSEND = YES;
				GCC_C_LANGUAGE_STANDARD = gnu11;
				GCC_NO_COMMON_BLOCKS = YES;
				GCC_WARN_64_TO_32_BIT_CONVERSION = YES;
				GCC_WARN_ABOUT_RETURN_TYPE = YES_ERROR;
				GCC_WARN_UNDECLARED_SELECTOR = YES;
				GCC_WARN_UNINITIALIZED_AUTOS = YES_AGGRESSIVE;
				GCC_WARN_UNUSED_FUNCTION = YES;
				GCC_WARN_UNUSED_VARIABLE = YES;
				IPHONEOS_DEPLOYMENT_TARGET = 12.1;
				MTL_ENABLE_DEBUG_INFO = NO;
				MTL_FAST_MATH = YES;
				SDKROOT = iphoneos;
				VALIDATE_PRODUCT = YES;
			};
			name = Release;
		};
		90F2C67F2254C02B00A712B8 /* Debug */ = {
			isa = XCBuildConfiguration;
			baseConfigurationReference = 2BA6ADC8633F347AD7C7963A /* Pods-liveroom.debug.xcconfig */;
			buildSettings = {
				ASSETCATALOG_COMPILER_APPICON_NAME = AppIcon;
				CLANG_WARN_DOCUMENTATION_COMMENTS = NO;
				CODE_SIGN_STYLE = Automatic;
				DEVELOPMENT_TEAM = 499WYUV8Q2;
				ENABLE_BITCODE = NO;
				FRAMEWORK_SEARCH_PATHS = (
					"$(inherited)",
					"$(PROJECT_DIR)",
					"$(PROJECT_DIR)/liveroom",
				);
				GCC_PRECOMPILE_PREFIX_HEADER = YES;
				GCC_PREFIX_HEADER = "$(SRCROOT)/liveroom/headers.h";
				HEADER_SEARCH_PATHS = (
					"$(inherited)",
					"\"${PODS_ROOT}/Headers/Public\"",
					"\"${PODS_ROOT}/Headers/Public/CocoaLumberjack\"",
					"\"${PODS_ROOT}/Headers/Public/MJRefresh\"",
					"\"${PODS_ROOT}/Headers/Public/Masonry\"",
				);
				INFOPLIST_FILE = liveroom/Info.plist;
				IPHONEOS_DEPLOYMENT_TARGET = 8.0;
				LD_RUNPATH_SEARCH_PATHS = (
					"$(inherited)",
					"@executable_path/Frameworks",
				);
				PRODUCT_BUNDLE_IDENTIFIER = com.easemob.test;
				PRODUCT_NAME = "$(TARGET_NAME)";
				TARGETED_DEVICE_FAMILY = 1;
			};
			name = Debug;
		};
		90F2C6802254C02B00A712B8 /* Release */ = {
			isa = XCBuildConfiguration;
			baseConfigurationReference = 9129ABF1877E591B4D2B7E4D /* Pods-liveroom.release.xcconfig */;
			buildSettings = {
				ASSETCATALOG_COMPILER_APPICON_NAME = AppIcon;
				CLANG_WARN_DOCUMENTATION_COMMENTS = NO;
				CODE_SIGN_STYLE = Automatic;
				DEVELOPMENT_TEAM = 499WYUV8Q2;
				ENABLE_BITCODE = NO;
				FRAMEWORK_SEARCH_PATHS = (
					"$(inherited)",
					"$(PROJECT_DIR)",
					"$(PROJECT_DIR)/liveroom",
				);
				GCC_PRECOMPILE_PREFIX_HEADER = YES;
				GCC_PREFIX_HEADER = "$(SRCROOT)/liveroom/headers.h";
				HEADER_SEARCH_PATHS = (
					"$(inherited)",
					"\"${PODS_ROOT}/Headers/Public\"",
					"\"${PODS_ROOT}/Headers/Public/CocoaLumberjack\"",
					"\"${PODS_ROOT}/Headers/Public/MJRefresh\"",
					"\"${PODS_ROOT}/Headers/Public/Masonry\"",
				);
				INFOPLIST_FILE = liveroom/Info.plist;
				IPHONEOS_DEPLOYMENT_TARGET = 8.0;
				LD_RUNPATH_SEARCH_PATHS = (
					"$(inherited)",
					"@executable_path/Frameworks",
				);
				PRODUCT_BUNDLE_IDENTIFIER = com.easemob.test;
				PRODUCT_NAME = "$(TARGET_NAME)";
				TARGETED_DEVICE_FAMILY = 1;
			};
			name = Release;
		};
/* End XCBuildConfiguration section */

/* Begin XCConfigurationList section */
		90F2C6632254C02A00A712B8 /* Build configuration list for PBXProject "liveroom" */ = {
			isa = XCConfigurationList;
			buildConfigurations = (
				90F2C67C2254C02B00A712B8 /* Debug */,
				90F2C67D2254C02B00A712B8 /* Release */,
			);
			defaultConfigurationIsVisible = 0;
			defaultConfigurationName = Release;
		};
		90F2C67E2254C02B00A712B8 /* Build configuration list for PBXNativeTarget "liveroom" */ = {
			isa = XCConfigurationList;
			buildConfigurations = (
				90F2C67F2254C02B00A712B8 /* Debug */,
				90F2C6802254C02B00A712B8 /* Release */,
			);
			defaultConfigurationIsVisible = 0;
			defaultConfigurationName = Release;
		};
/* End XCConfigurationList section */
	};
	rootObject = 90F2C6602254C02A00A712B8 /* Project object */;
}
