PODS:
  - CocoaLumberjack (3.4.2):
    - CocoaLumberjack/Default (= 3.4.2)
    - CocoaLumberjack/Extensions (= 3.4.2)
  - CocoaLumberjack/Default (3.4.2)
  - CocoaLumberjack/Extensions (3.4.2):
    - CocoaLumberjack/Default
  - Hyphenate (3.6.1)
  - Masonry (1.1.0)
  - MBProgressHUD (1.1.0)
  - MJRefresh (3.1.16)

DEPENDENCIES:
  - CocoaLumberjack (~> 3.4.2)
  - Hyphenate (= 3.6.1)
  - Masonry (~> 1.1.0)
  - MBProgressHUD
  - MJRefresh

SPEC REPOS:
  https://github.com/CocoaPods/Specs.git:
    - CocoaLumberjack
    - Masonry
    - MBProgressHUD
    - MJRefresh
  trunk:
    - Hyphenate

SPEC CHECKSUMS:
  CocoaLumberjack: db7cc9e464771f12054c22ff6947c5a58d43a0fd
  Hyphenate: 85b1fe4c7100e0e268379a0d7a708cda2a31f113
  Masonry: 678fab65091a9290e40e2832a55e7ab731aad201
  MBProgressHUD: e7baa36a220447d8aeb12769bf0585582f3866d9
  MJRefresh: 7798e16e53a5ef7f332dd05b27664db4e29530fd

PODFILE CHECKSUM: 2c16dc6d797b16d9ca4715711849d7615d3372d1

COCOAPODS: 1.8.0.beta.1
